// !$*UTF8*$!
{
	archiveVersion = 1;
	classes = {
	};
	objectVersion = 48;
	objects = {

/* Begin PBXBuildFile section */
		8B2019AF21AE0CAD002F95FD /* AFNetworking.framework in Frameworks */ = {isa = PBXBuildFile; fileRef = 8B2019B121AE0CAD002F95FD /* AFNetworking.framework */; };
		8B2019B021AE0CAD002F95FD /* SDWebImage.framework in Frameworks */ = {isa = PBXBuildFile; fileRef = 8B2019B221AE0CAD002F95FD /* SDWebImage.framework */; };
		8BAB53EE21AD80A600AC813A /* AppDelegate.m in Sources */ = {isa = PBXBuildFile; fileRef = 8BAB53ED21AD80A600AC813A /* AppDelegate.m */; };
		8BAB53F621AD80A600AC813A /* Assets.xcassets in Resources */ = {isa = PBXBuildFile; fileRef = 8BAB53F521AD80A600AC813A /* Assets.xcassets */; };
		8BAB53FC21AD80A600AC813A /* main.m in Sources */ = {isa = PBXBuildFile; fileRef = 8BAB53FB21AD80A600AC813A /* main.m */; };
		B86F9CD522D7835E00A5663C /* BdbWebViewController.m in Sources */ = {isa = PBXBuildFile; fileRef = B86F9C4C22D7835E00A5663C /* BdbWebViewController.m */; };
		B86F9CD622D7835E00A5663C /* BdbHomeViewController.m in Sources */ = {isa = PBXBuildFile; fileRef = B86F9C4D22D7835E00A5663C /* BdbHomeViewController.m */; };
		B86F9CD722D7835E00A5663C /* BdbGoods.m in Sources */ = {isa = PBXBuildFile; fileRef = B86F9C5022D7835E00A5663C /* BdbGoods.m */; };
		B86F9CD822D7835E00A5663C /* BdbActivity.m in Sources */ = {isa = PBXBuildFile; fileRef = B86F9C5122D7835E00A5663C /* BdbActivity.m */; };
		B86F9CD922D7835E00A5663C /* BdbHomeHeadData.m in Sources */ = {isa = PBXBuildFile; fileRef = B86F9C5222D7835E00A5663C /* BdbHomeHeadData.m */; };
		B86F9CDA22D7835E00A5663C /* BdbScrollerPageView.m in Sources */ = {isa = PBXBuildFile; fileRef = B86F9C5722D7835E00A5663C /* BdbScrollerPageView.m */; };
		B86F9CDB22D7835E00A5663C /* UIColor+BdbExpand.m in Sources */ = {isa = PBXBuildFile; fileRef = B86F9C5922D7835E00A5663C /* UIColor+BdbExpand.m */; };
		B86F9CDC22D7835E00A5663C /* BdbHotView.m in Sources */ = {isa = PBXBuildFile; fileRef = B86F9C5A22D7835E00A5663C /* BdbHotView.m */; };
		B86F9CDD22D7835E00A5663C /* BdbHeadlineContentView.m in Sources */ = {isa = PBXBuildFile; fileRef = B86F9C5B22D7835E00A5663C /* BdbHeadlineContentView.m */; };
		B86F9CDE22D7835E00A5663C /* BdbDiscountPriceView.m in Sources */ = {isa = PBXBuildFile; fileRef = B86F9C5C22D7835E00A5663C /* BdbDiscountPriceView.m */; };
		B86F9CDF22D7835E00A5663C /* BdbHomeCellTitleView.m in Sources */ = {isa = PBXBuildFile; fileRef = B86F9C5D22D7835E00A5663C /* BdbHomeCellTitleView.m */; };
		B86F9CE022D7835E00A5663C /* BdbHeadLineView.m in Sources */ = {isa = PBXBuildFile; fileRef = B86F9C5E22D7835E00A5663C /* BdbHeadLineView.m */; };
		B86F9CE122D7835E00A5663C /* BdbHomeCellGoodsView.m in Sources */ = {isa = PBXBuildFile; fileRef = B86F9C5F22D7835E00A5663C /* BdbHomeCellGoodsView.m */; };
		B86F9CE222D7835E00A5663C /* BdbHomeCategoryCell.m in Sources */ = {isa = PBXBuildFile; fileRef = B86F9C6022D7835E00A5663C /* BdbHomeCategoryCell.m */; };
		B86F9CE322D7835E00A5663C /* BdbHomeHeadView.m in Sources */ = {isa = PBXBuildFile; fileRef = B86F9C6222D7835E00A5663C /* BdbHomeHeadView.m */; };
		B86F9CE422D7835E00A5663C /* BdbHeadLinePageView.m in Sources */ = {isa = PBXBuildFile; fileRef = B86F9C6322D7835E00A5663C /* BdbHeadLinePageView.m */; };
		B86F9CE522D7835E00A5663C /* BdbHomeCell.m in Sources */ = {isa = PBXBuildFile; fileRef = B86F9C6722D7835E00A5663C /* BdbHomeCell.m */; };
		B86F9CE622D7835E00A5663C /* BdbBuyView.m in Sources */ = {isa = PBXBuildFile; fileRef = B86F9C6D22D7835E00A5663C /* BdbBuyView.m */; };
		B86F9CE722D7835E00A5663C /* BdbShoppingVC.m in Sources */ = {isa = PBXBuildFile; fileRef = B86F9C7322D7835E00A5663C /* BdbShoppingVC.m */; };
		B86F9CE822D7835E00A5663C /* UIBarButtonItem+Button.m in Sources */ = {isa = PBXBuildFile; fileRef = B86F9C7622D7835E00A5663C /* UIBarButtonItem+Button.m */; };
		B86F9CE922D7835E00A5663C /* BdbAddressView.m in Sources */ = {isa = PBXBuildFile; fileRef = B86F9C7822D7835E00A5663C /* BdbAddressView.m */; };
		B86F9CEA22D7835E00A5663C /* BdbDefaultView.m in Sources */ = {isa = PBXBuildFile; fileRef = B86F9C7B22D7835E00A5663C /* BdbDefaultView.m */; };
		B86F9CEB22D7835E00A5663C /* ItemCustomButton.m in Sources */ = {isa = PBXBuildFile; fileRef = B86F9C7D22D7835E00A5663C /* ItemCustomButton.m */; };
		B86F9CEC22D7835E00A5663C /* BdbShoppingCell.m in Sources */ = {isa = PBXBuildFile; fileRef = B86F9C7E22D7835E00A5663C /* BdbShoppingCell.m */; };
		B86F9CED22D7835E00A5663C /* BdbLightningView.m in Sources */ = {isa = PBXBuildFile; fileRef = B86F9C8022D7835E00A5663C /* BdbLightningView.m */; };
		B86F9CEE22D7835E00A5663C /* BdbAnimationRefreshHeader.m in Sources */ = {isa = PBXBuildFile; fileRef = B86F9C8122D7835E00A5663C /* BdbAnimationRefreshHeader.m */; };
		B86F9CEF22D7835E00A5663C /* BdbProgressHUDManager.m in Sources */ = {isa = PBXBuildFile; fileRef = B86F9C8322D7835E00A5663C /* BdbProgressHUDManager.m */; };
		B86F9CF022D7835E00A5663C /* AddressData.m in Sources */ = {isa = PBXBuildFile; fileRef = B86F9C8422D7835E00A5663C /* AddressData.m */; };
		B86F9CF122D7835E00A5663C /* BdbUserShopCarTool.m in Sources */ = {isa = PBXBuildFile; fileRef = B86F9C8822D7835E00A5663C /* BdbUserShopCarTool.m */; };
		B86F9CF222D7835E00A5663C /* NSString+Extension.m in Sources */ = {isa = PBXBuildFile; fileRef = B86F9C8A22D7835E00A5663C /* NSString+Extension.m */; };
		B86F9CF322D7835E00A5663C /* UIView+Extension.m in Sources */ = {isa = PBXBuildFile; fileRef = B86F9C8C22D7835E00A5663C /* UIView+Extension.m */; };
		B86F9CF422D7835E00A5663C /* BdbIconImageTextView.m in Sources */ = {isa = PBXBuildFile; fileRef = B86F9C8E22D7835E00A5663C /* BdbIconImageTextView.m */; };
		B86F9CF522D7835E00A5663C /* BdbTableFootView.m in Sources */ = {isa = PBXBuildFile; fileRef = B86F9C9022D7835E00A5663C /* BdbTableFootView.m */; };
		B86F9CF722D7835E00A5663C /* FocusURL.plist in Resources */ = {isa = PBXBuildFile; fileRef = B86F9C9722D7835E00A5663C /* FocusURL.plist */; };
		B86F9CF822D7835E00A5663C /* 系统消息 in Resources */ = {isa = PBXBuildFile; fileRef = B86F9C9822D7835E00A5663C /* 系统消息 */; };
		B86F9CF922D7835E00A5663C /* supermarket in Resources */ = {isa = PBXBuildFile; fileRef = B86F9C9922D7835E00A5663C /* supermarket */; };
		B86F9CFA22D7835E00A5663C /* AD in Resources */ = {isa = PBXBuildFile; fileRef = B86F9C9A22D7835E00A5663C /* AD */; };
		B86F9CFB22D7835E00A5663C /* MinePlist.plist in Resources */ = {isa = PBXBuildFile; fileRef = B86F9C9B22D7835E00A5663C /* MinePlist.plist */; };
		B86F9CFC22D7835E00A5663C /* UserMessage in Resources */ = {isa = PBXBuildFile; fileRef = B86F9C9C22D7835E00A5663C /* UserMessage */; };
		B86F9CFD22D7835E00A5663C /* MyCoupon in Resources */ = {isa = PBXBuildFile; fileRef = B86F9C9D22D7835E00A5663C /* MyCoupon */; };
		B86F9CFE22D7835E00A5663C /* Search in Resources */ = {isa = PBXBuildFile; fileRef = B86F9C9E22D7835E00A5663C /* Search */; };
		B86F9CFF22D7835E00A5663C /* MyAdress in Resources */ = {isa = PBXBuildFile; fileRef = B86F9C9F22D7835E00A5663C /* MyAdress */; };
		B86F9D0022D7835E00A5663C /* HelpPlist.plist in Resources */ = {isa = PBXBuildFile; fileRef = B86F9CA022D7835E00A5663C /* HelpPlist.plist */; };
		B86F9D0122D7835E00A5663C /* Mine in Resources */ = {isa = PBXBuildFile; fileRef = B86F9CA122D7835E00A5663C /* Mine */; };
		B86F9D0222D7835E00A5663C /* footerBanner in Resources */ = {isa = PBXBuildFile; fileRef = B86F9CA222D7835E00A5663C /* footerBanner */; };
		B86F9D0322D7835E00A5663C /* SystemMessage in Resources */ = {isa = PBXBuildFile; fileRef = B86F9CA322D7835E00A5663C /* SystemMessage */; };
		B86F9D0422D7835E00A5663C /* SearchProduct in Resources */ = {isa = PBXBuildFile; fileRef = B86F9CA422D7835E00A5663C /* SearchProduct */; };
		B86F9D0522D7835E00A5663C /* 促销 in Resources */ = {isa = PBXBuildFile; fileRef = B86F9CA522D7835E00A5663C /* 促销 */; };
		B86F9D0622D7835E00A5663C /* 首页热卖 in Resources */ = {isa = PBXBuildFile; fileRef = B86F9CA622D7835E00A5663C /* 首页热卖 */; };
		B86F9D0722D7835E00A5663C /* 首页新鲜热卖 in Resources */ = {isa = PBXBuildFile; fileRef = B86F9CA722D7835E00A5663C /* 首页新鲜热卖 */; };
		B86F9D0822D7835E00A5663C /* MyOrders in Resources */ = {isa = PBXBuildFile; fileRef = B86F9CA822D7835E00A5663C /* MyOrders */; };
		B86F9D0922D7835E00A5663C /* BdbFlashCell.m in Sources */ = {isa = PBXBuildFile; fileRef = B86F9CAA22D7835E00A5663C /* BdbFlashCell.m */; };
		B86F9D0A22D7835E00A5663C /* BdbProductsViewController.m in Sources */ = {isa = PBXBuildFile; fileRef = B86F9CAE22D7835E00A5663C /* BdbProductsViewController.m */; };
		B86F9D0B22D7835E00A5663C /* BdbFlashViewController.m in Sources */ = {isa = PBXBuildFile; fileRef = B86F9CAF22D7835E00A5663C /* BdbFlashViewController.m */; };
		B86F9D0C22D7835E00A5663C /* BdbSupermarketSource.m in Sources */ = {isa = PBXBuildFile; fileRef = B86F9CB022D7835E00A5663C /* BdbSupermarketSource.m */; };
		B86F9D0D22D7835E00A5663C /* BdbGoodsCell.m in Sources */ = {isa = PBXBuildFile; fileRef = B86F9CB522D7835E00A5663C /* BdbGoodsCell.m */; };
		B86F9D0E22D7835E00A5663C /* BdbMyViewController.m in Sources */ = {isa = PBXBuildFile; fileRef = B86F9CBA22D7835E00A5663C /* BdbMyViewController.m */; };
		B86F9D0F22D7835E00A5663C /* BdbMyHeadView.m in Sources */ = {isa = PBXBuildFile; fileRef = B86F9CBB22D7835E00A5663C /* BdbMyHeadView.m */; };
		B86F9D1022D7835E00A5663C /* BdbTitleIconAction.m in Sources */ = {isa = PBXBuildFile; fileRef = B86F9CBD22D7835E00A5663C /* BdbTitleIconAction.m */; };
		B86F9D1122D7835E00A5663C /* BdbMenuView.m in Sources */ = {isa = PBXBuildFile; fileRef = B86F9CC022D7835E00A5663C /* BdbMenuView.m */; };
		B86F9D1222D7835E00A5663C /* BdbTitleIconView.m in Sources */ = {isa = PBXBuildFile; fileRef = B86F9CC122D7835E00A5663C /* BdbTitleIconView.m */; };
		B86F9D1322D7835E00A5663C /* BdbFooterBannerData.m in Sources */ = {isa = PBXBuildFile; fileRef = B86F9CC322D7835E00A5663C /* BdbFooterBannerData.m */; };
		B86F9D1422D7835E00A5663C /* BdbOrderHeadView.m in Sources */ = {isa = PBXBuildFile; fileRef = B86F9CC622D7835E00A5663C /* BdbOrderHeadView.m */; };
		B86F9D1522D7835E00A5663C /* BaseTabBarViewController.m in Sources */ = {isa = PBXBuildFile; fileRef = B86F9CC922D7835E00A5663C /* BaseTabBarViewController.m */; };
		B86F9D1622D7835E00A5663C /* BdbSelectedAdressViewController.m in Sources */ = {isa = PBXBuildFile; fileRef = B86F9CCA22D7835E00A5663C /* BdbSelectedAdressViewController.m */; };
		B86F9D1722D7835E00A5663C /* BaseTabBarButton.m in Sources */ = {isa = PBXBuildFile; fileRef = B86F9CCC22D7835E00A5663C /* BaseTabBarButton.m */; };
		B86F9D1822D7835E00A5663C /* BdbMainTabBarController.m in Sources */ = {isa = PBXBuildFile; fileRef = B86F9CD022D7835E00A5663C /* BdbMainTabBarController.m */; };
		B86F9D1922D7835E00A5663C /* BdbBaseNavigationController.m in Sources */ = {isa = PBXBuildFile; fileRef = B86F9CD222D7835E00A5663C /* BdbBaseNavigationController.m */; };
		B86F9D1A22D7835E00A5663C /* BdbBaseViewController.m in Sources */ = {isa = PBXBuildFile; fileRef = B86F9CD422D7835E00A5663C /* BdbBaseViewController.m */; };
		B86F9D3222DBF04400A5663C /* home_highlight@3x.png in Resources */ = {isa = PBXBuildFile; fileRef = B86F9D2422DBF04400A5663C /* home_highlight@3x.png */; };
		B86F9D3322DBF04400A5663C /* category@3x.png in Resources */ = {isa = PBXBuildFile; fileRef = B86F9D2522DBF04400A5663C /* category@3x.png */; };
		B86F9D3422DBF04400A5663C /* user_highlight@3x.png in Resources */ = {isa = PBXBuildFile; fileRef = B86F9D2622DBF04400A5663C /* user_highlight@3x.png */; };
		B86F9D3522DBF04400A5663C /* cart_highlight@3x.png in Resources */ = {isa = PBXBuildFile; fileRef = B86F9D2722DBF04400A5663C /* cart_highlight@3x.png */; };
		B86F9D3622DBF04400A5663C /* home@3x.png in Resources */ = {isa = PBXBuildFile; fileRef = B86F9D2822DBF04400A5663C /* home@3x.png */; };
		B86F9D3722DBF04400A5663C /* category_highlight@3x.png in Resources */ = {isa = PBXBuildFile; fileRef = B86F9D2922DBF04400A5663C /* category_highlight@3x.png */; };
		B86F9D3822DBF04400A5663C /* cart@3x.png in Resources */ = {isa = PBXBuildFile; fileRef = B86F9D2A22DBF04400A5663C /* cart@3x.png */; };
		B86F9D3922DBF04400A5663C /* search_bg.png in Resources */ = {isa = PBXBuildFile; fileRef = B86F9D2B22DBF04400A5663C /* search_bg.png */; };
		B86F9D3A22DBF04400A5663C /* user@3x.png in Resources */ = {isa = PBXBuildFile; fileRef = B86F9D2C22DBF04400A5663C /* user@3x.png */; };
		B86F9D3B22DBF04400A5663C /* banner2.png in Resources */ = {isa = PBXBuildFile; fileRef = B86F9D2E22DBF04400A5663C /* banner2.png */; };
		B86F9D3C22DBF04400A5663C /* banner3.png in Resources */ = {isa = PBXBuildFile; fileRef = B86F9D2F22DBF04400A5663C /* banner3.png */; };
		B86F9D3D22DBF04400A5663C /* banner1.png in Resources */ = {isa = PBXBuildFile; fileRef = B86F9D3022DBF04400A5663C /* banner1.png */; };
		B86F9D3E22DBF04400A5663C /* banner4.png in Resources */ = {isa = PBXBuildFile; fileRef = B86F9D3122DBF04400A5663C /* banner4.png */; };
		B86F9D4822DBF68E00A5663C /* launch.png in Resources */ = {isa = PBXBuildFile; fileRef = B86F9D4722DBF68E00A5663C /* launch.png */; };
		B86F9D4A22DBF70700A5663C /* Launch Screen.storyboard in Resources */ = {isa = PBXBuildFile; fileRef = B86F9D4922DBF70700A5663C /* Launch Screen.storyboard */; };
		B86F9D5622DCC27700A5663C /* GYZChooseCityController.m in Sources */ = {isa = PBXBuildFile; fileRef = B86F9D4C22DCC27600A5663C /* GYZChooseCityController.m */; };
		B86F9D5722DCC27700A5663C /* GYZCityGroupCell.m in Sources */ = {isa = PBXBuildFile; fileRef = B86F9D4D22DCC27600A5663C /* GYZCityGroupCell.m */; };
		B86F9D5822DCC27700A5663C /* CityData.plist in Resources */ = {isa = PBXBuildFile; fileRef = B86F9D4E22DCC27600A5663C /* CityData.plist */; };
		B86F9D5922DCC27700A5663C /* GYZCityHeaderView.m in Sources */ = {isa = PBXBuildFile; fileRef = B86F9D4F22DCC27600A5663C /* GYZCityHeaderView.m */; };
		B86F9D5A22DCC27700A5663C /* GYZCity.m in Sources */ = {isa = PBXBuildFile; fileRef = B86F9D5022DCC27600A5663C /* GYZCity.m */; };
		B874C90622D2056B00C8BCE4 /* BdbAddressViewController.m in Sources */ = {isa = PBXBuildFile; fileRef = B874C90522D2056B00C8BCE4 /* BdbAddressViewController.m */; };
		B88DC72421B3F75400F6CD40 /* images.xcassets in Resources */ = {isa = PBXBuildFile; fileRef = B88DC72321B3F75400F6CD40 /* images.xcassets */; };
		B892C2C022D1D920004D4FCF /* BdbWKWebViewController.m in Sources */ = {isa = PBXBuildFile; fileRef = B892C2BE22D1D920004D4FCF /* BdbWKWebViewController.m */; };
		B892C2C322D1DA0E004D4FCF /* Global.m in Sources */ = {isa = PBXBuildFile; fileRef = B892C2C222D1DA0E004D4FCF /* Global.m */; };
		B892C2EB22D1EA90004D4FCF /* BdbLaunchViewController.m in Sources */ = {isa = PBXBuildFile; fileRef = B892C2EA22D1EA90004D4FCF /* BdbLaunchViewController.m */; };
		DED0F3092363E51400CCC969 /* supermarketnew in Resources */ = {isa = PBXBuildFile; fileRef = DED0F3082363E51300CCC969 /* supermarketnew */; };
		DEE3F0742398ADC300CEF0BB /* BdbTools.m in Sources */ = {isa = PBXBuildFile; fileRef = DEE3F0732398ADC300CEF0BB /* BdbTools.m */; };
		F52E6EB81EF9151EAA831135 /* Pods_Bdbbuy.framework in Frameworks */ = {isa = PBXBuildFile; fileRef = 798CC941E14010EC0892DF4A /* Pods_Bdbbuy.framework */; };
		FC54EF4B21B107E400BB78AE /* BdbNetwork.m in Sources */ = {isa = PBXBuildFile; fileRef = FC54EF4A21B107E400BB78AE /* BdbNetwork.m */; };
/* End PBXBuildFile section */

/* Begin PBXFileReference section */
		32081EAB9A5A5C291602C2E4 /* Pods-Bdbbuy.release.xcconfig */ = {isa = PBXFileReference; includeInIndex = 1; lastKnownFileType = text.xcconfig; name = "Pods-Bdbbuy.release.xcconfig"; path = "Pods/Target Support Files/Pods-Bdbbuy/Pods-Bdbbuy.release.xcconfig"; sourceTree = "<group>"; };
		798CC941E14010EC0892DF4A /* Pods_Bdbbuy.framework */ = {isa = PBXFileReference; explicitFileType = wrapper.framework; includeInIndex = 0; path = Pods_Bdbbuy.framework; sourceTree = BUILT_PRODUCTS_DIR; };
		8B2019B121AE0CAD002F95FD /* AFNetworking.framework */ = {isa = PBXFileReference; explicitFileType = wrapper.framework; path = AFNetworking.framework; sourceTree = BUILT_PRODUCTS_DIR; };
		8B2019B221AE0CAD002F95FD /* SDWebImage.framework */ = {isa = PBXFileReference; explicitFileType = wrapper.framework; path = SDWebImage.framework; sourceTree = BUILT_PRODUCTS_DIR; };
		8BAB53E921AD80A600AC813A /* Bdbbuy.app */ = {isa = PBXFileReference; explicitFileType = wrapper.application; includeInIndex = 0; path = Bdbbuy.app; sourceTree = BUILT_PRODUCTS_DIR; };
		8BAB53EC21AD80A600AC813A /* AppDelegate.h */ = {isa = PBXFileReference; lastKnownFileType = sourcecode.c.h; path = AppDelegate.h; sourceTree = "<group>"; };
		8BAB53ED21AD80A600AC813A /* AppDelegate.m */ = {isa = PBXFileReference; lastKnownFileType = sourcecode.c.objc; path = AppDelegate.m; sourceTree = "<group>"; };
		8BAB53F521AD80A600AC813A /* Assets.xcassets */ = {isa = PBXFileReference; lastKnownFileType = folder.assetcatalog; path = Assets.xcassets; sourceTree = "<group>"; };
		8BAB53FA21AD80A600AC813A /* Info.plist */ = {isa = PBXFileReference; lastKnownFileType = text.plist.xml; path = Info.plist; sourceTree = "<group>"; };
		8BAB53FB21AD80A600AC813A /* main.m */ = {isa = PBXFileReference; lastKnownFileType = sourcecode.c.objc; path = main.m; sourceTree = "<group>"; };
		B86F9C4B22D7835E00A5663C /* BdbHomeViewController.h */ = {isa = PBXFileReference; fileEncoding = 4; lastKnownFileType = sourcecode.c.h; path = BdbHomeViewController.h; sourceTree = "<group>"; };
		B86F9C4C22D7835E00A5663C /* BdbWebViewController.m */ = {isa = PBXFileReference; fileEncoding = 4; lastKnownFileType = sourcecode.c.objc; path = BdbWebViewController.m; sourceTree = "<group>"; };
		B86F9C4D22D7835E00A5663C /* BdbHomeViewController.m */ = {isa = PBXFileReference; fileEncoding = 4; lastKnownFileType = sourcecode.c.objc; path = BdbHomeViewController.m; sourceTree = "<group>"; };
		B86F9C4E22D7835E00A5663C /* BdbWebViewController.h */ = {isa = PBXFileReference; fileEncoding = 4; lastKnownFileType = sourcecode.c.h; path = BdbWebViewController.h; sourceTree = "<group>"; };
		B86F9C5022D7835E00A5663C /* BdbGoods.m */ = {isa = PBXFileReference; fileEncoding = 4; lastKnownFileType = sourcecode.c.objc; path = BdbGoods.m; sourceTree = "<group>"; };
		B86F9C5122D7835E00A5663C /* BdbActivity.m */ = {isa = PBXFileReference; fileEncoding = 4; lastKnownFileType = sourcecode.c.objc; path = BdbActivity.m; sourceTree = "<group>"; };
		B86F9C5222D7835E00A5663C /* BdbHomeHeadData.m */ = {isa = PBXFileReference; fileEncoding = 4; lastKnownFileType = sourcecode.c.objc; path = BdbHomeHeadData.m; sourceTree = "<group>"; };
		B86F9C5322D7835E00A5663C /* BdbActivity.h */ = {isa = PBXFileReference; fileEncoding = 4; lastKnownFileType = sourcecode.c.h; path = BdbActivity.h; sourceTree = "<group>"; };
		B86F9C5422D7835E00A5663C /* BdbGoods.h */ = {isa = PBXFileReference; fileEncoding = 4; lastKnownFileType = sourcecode.c.h; path = BdbGoods.h; sourceTree = "<group>"; };
		B86F9C5522D7835E00A5663C /* BdbHomeHeadData.h */ = {isa = PBXFileReference; fileEncoding = 4; lastKnownFileType = sourcecode.c.h; path = BdbHomeHeadData.h; sourceTree = "<group>"; };
		B86F9C5722D7835E00A5663C /* BdbScrollerPageView.m */ = {isa = PBXFileReference; fileEncoding = 4; lastKnownFileType = sourcecode.c.objc; path = BdbScrollerPageView.m; sourceTree = "<group>"; };
		B86F9C5822D7835E00A5663C /* BdbHomeCell.h */ = {isa = PBXFileReference; fileEncoding = 4; lastKnownFileType = sourcecode.c.h; path = BdbHomeCell.h; sourceTree = "<group>"; };
		B86F9C5922D7835E00A5663C /* UIColor+BdbExpand.m */ = {isa = PBXFileReference; fileEncoding = 4; lastKnownFileType = sourcecode.c.objc; path = "UIColor+BdbExpand.m"; sourceTree = "<group>"; };
		B86F9C5A22D7835E00A5663C /* BdbHotView.m */ = {isa = PBXFileReference; fileEncoding = 4; lastKnownFileType = sourcecode.c.objc; path = BdbHotView.m; sourceTree = "<group>"; };
		B86F9C5B22D7835E00A5663C /* BdbHeadlineContentView.m */ = {isa = PBXFileReference; fileEncoding = 4; lastKnownFileType = sourcecode.c.objc; path = BdbHeadlineContentView.m; sourceTree = "<group>"; };
		B86F9C5C22D7835E00A5663C /* BdbDiscountPriceView.m */ = {isa = PBXFileReference; fileEncoding = 4; lastKnownFileType = sourcecode.c.objc; path = BdbDiscountPriceView.m; sourceTree = "<group>"; };
		B86F9C5D22D7835E00A5663C /* BdbHomeCellTitleView.m */ = {isa = PBXFileReference; fileEncoding = 4; lastKnownFileType = sourcecode.c.objc; path = BdbHomeCellTitleView.m; sourceTree = "<group>"; };
		B86F9C5E22D7835E00A5663C /* BdbHeadLineView.m */ = {isa = PBXFileReference; fileEncoding = 4; lastKnownFileType = sourcecode.c.objc; path = BdbHeadLineView.m; sourceTree = "<group>"; };
		B86F9C5F22D7835E00A5663C /* BdbHomeCellGoodsView.m */ = {isa = PBXFileReference; fileEncoding = 4; lastKnownFileType = sourcecode.c.objc; path = BdbHomeCellGoodsView.m; sourceTree = "<group>"; };
		B86F9C6022D7835E00A5663C /* BdbHomeCategoryCell.m */ = {isa = PBXFileReference; fileEncoding = 4; lastKnownFileType = sourcecode.c.objc; path = BdbHomeCategoryCell.m; sourceTree = "<group>"; };
		B86F9C6122D7835E00A5663C /* BdbBuyView.h */ = {isa = PBXFileReference; fileEncoding = 4; lastKnownFileType = sourcecode.c.h; path = BdbBuyView.h; sourceTree = "<group>"; };
		B86F9C6222D7835E00A5663C /* BdbHomeHeadView.m */ = {isa = PBXFileReference; fileEncoding = 4; lastKnownFileType = sourcecode.c.objc; path = BdbHomeHeadView.m; sourceTree = "<group>"; };
		B86F9C6322D7835E00A5663C /* BdbHeadLinePageView.m */ = {isa = PBXFileReference; fileEncoding = 4; lastKnownFileType = sourcecode.c.objc; path = BdbHeadLinePageView.m; sourceTree = "<group>"; };
		B86F9C6422D7835E00A5663C /* BdbHeadlineContentView.h */ = {isa = PBXFileReference; fileEncoding = 4; lastKnownFileType = sourcecode.c.h; path = BdbHeadlineContentView.h; sourceTree = "<group>"; };
		B86F9C6522D7835E00A5663C /* BdbHotView.h */ = {isa = PBXFileReference; fileEncoding = 4; lastKnownFileType = sourcecode.c.h; path = BdbHotView.h; sourceTree = "<group>"; };
		B86F9C6622D7835E00A5663C /* UIColor+BdbExpand.h */ = {isa = PBXFileReference; fileEncoding = 4; lastKnownFileType = sourcecode.c.h; path = "UIColor+BdbExpand.h"; sourceTree = "<group>"; };
		B86F9C6722D7835E00A5663C /* BdbHomeCell.m */ = {isa = PBXFileReference; fileEncoding = 4; lastKnownFileType = sourcecode.c.objc; path = BdbHomeCell.m; sourceTree = "<group>"; };
		B86F9C6822D7835E00A5663C /* BdbScrollerPageView.h */ = {isa = PBXFileReference; fileEncoding = 4; lastKnownFileType = sourcecode.c.h; path = BdbScrollerPageView.h; sourceTree = "<group>"; };
		B86F9C6922D7835E00A5663C /* BdbHomeCellGoodsView.h */ = {isa = PBXFileReference; fileEncoding = 4; lastKnownFileType = sourcecode.c.h; path = BdbHomeCellGoodsView.h; sourceTree = "<group>"; };
		B86F9C6A22D7835E00A5663C /* BdbHeadLineView.h */ = {isa = PBXFileReference; fileEncoding = 4; lastKnownFileType = sourcecode.c.h; path = BdbHeadLineView.h; sourceTree = "<group>"; };
		B86F9C6B22D7835E00A5663C /* BdbHomeCellTitleView.h */ = {isa = PBXFileReference; fileEncoding = 4; lastKnownFileType = sourcecode.c.h; path = BdbHomeCellTitleView.h; sourceTree = "<group>"; };
		B86F9C6C22D7835E00A5663C /* BdbDiscountPriceView.h */ = {isa = PBXFileReference; fileEncoding = 4; lastKnownFileType = sourcecode.c.h; path = BdbDiscountPriceView.h; sourceTree = "<group>"; };
		B86F9C6D22D7835E00A5663C /* BdbBuyView.m */ = {isa = PBXFileReference; fileEncoding = 4; lastKnownFileType = sourcecode.c.objc; path = BdbBuyView.m; sourceTree = "<group>"; };
		B86F9C6E22D7835E00A5663C /* BdbHomeCategoryCell.h */ = {isa = PBXFileReference; fileEncoding = 4; lastKnownFileType = sourcecode.c.h; path = BdbHomeCategoryCell.h; sourceTree = "<group>"; };
		B86F9C6F22D7835E00A5663C /* BdbHeadLinePageView.h */ = {isa = PBXFileReference; fileEncoding = 4; lastKnownFileType = sourcecode.c.h; path = BdbHeadLinePageView.h; sourceTree = "<group>"; };
		B86F9C7022D7835E00A5663C /* BdbHomeHeadView.h */ = {isa = PBXFileReference; fileEncoding = 4; lastKnownFileType = sourcecode.c.h; path = BdbHomeHeadView.h; sourceTree = "<group>"; };
		B86F9C7322D7835E00A5663C /* BdbShoppingVC.m */ = {isa = PBXFileReference; fileEncoding = 4; lastKnownFileType = sourcecode.c.objc; path = BdbShoppingVC.m; sourceTree = "<group>"; };
		B86F9C7422D7835E00A5663C /* BdbShoppingVC.h */ = {isa = PBXFileReference; fileEncoding = 4; lastKnownFileType = sourcecode.c.h; path = BdbShoppingVC.h; sourceTree = "<group>"; };
		B86F9C7622D7835E00A5663C /* UIBarButtonItem+Button.m */ = {isa = PBXFileReference; fileEncoding = 4; lastKnownFileType = sourcecode.c.objc; path = "UIBarButtonItem+Button.m"; sourceTree = "<group>"; };
		B86F9C7722D7835E00A5663C /* AddressData.h */ = {isa = PBXFileReference; fileEncoding = 4; lastKnownFileType = sourcecode.c.h; path = AddressData.h; sourceTree = "<group>"; };
		B86F9C7822D7835E00A5663C /* BdbAddressView.m */ = {isa = PBXFileReference; fileEncoding = 4; lastKnownFileType = sourcecode.c.objc; path = BdbAddressView.m; sourceTree = "<group>"; };
		B86F9C7922D7835E00A5663C /* NSString+Extension.h */ = {isa = PBXFileReference; fileEncoding = 4; lastKnownFileType = sourcecode.c.h; path = "NSString+Extension.h"; sourceTree = "<group>"; };
		B86F9C7A22D7835E00A5663C /* BdbUserShopCarTool.h */ = {isa = PBXFileReference; fileEncoding = 4; lastKnownFileType = sourcecode.c.h; path = BdbUserShopCarTool.h; sourceTree = "<group>"; };
		B86F9C7B22D7835E00A5663C /* BdbDefaultView.m */ = {isa = PBXFileReference; fileEncoding = 4; lastKnownFileType = sourcecode.c.objc; path = BdbDefaultView.m; sourceTree = "<group>"; };
		B86F9C7C22D7835E00A5663C /* UIView+Extension.h */ = {isa = PBXFileReference; fileEncoding = 4; lastKnownFileType = sourcecode.c.h; path = "UIView+Extension.h"; sourceTree = "<group>"; };
		B86F9C7D22D7835E00A5663C /* ItemCustomButton.m */ = {isa = PBXFileReference; fileEncoding = 4; lastKnownFileType = sourcecode.c.objc; path = ItemCustomButton.m; sourceTree = "<group>"; };
		B86F9C7E22D7835E00A5663C /* BdbShoppingCell.m */ = {isa = PBXFileReference; fileEncoding = 4; lastKnownFileType = sourcecode.c.objc; path = BdbShoppingCell.m; sourceTree = "<group>"; };
		B86F9C7F22D7835E00A5663C /* BdbTableFootView.h */ = {isa = PBXFileReference; fileEncoding = 4; lastKnownFileType = sourcecode.c.h; path = BdbTableFootView.h; sourceTree = "<group>"; };
		B86F9C8022D7835E00A5663C /* BdbLightningView.m */ = {isa = PBXFileReference; fileEncoding = 4; lastKnownFileType = sourcecode.c.objc; path = BdbLightningView.m; sourceTree = "<group>"; };
		B86F9C8122D7835E00A5663C /* BdbAnimationRefreshHeader.m */ = {isa = PBXFileReference; fileEncoding = 4; lastKnownFileType = sourcecode.c.objc; path = BdbAnimationRefreshHeader.m; sourceTree = "<group>"; };
		B86F9C8222D7835E00A5663C /* BdbIconImageTextView.h */ = {isa = PBXFileReference; fileEncoding = 4; lastKnownFileType = sourcecode.c.h; path = BdbIconImageTextView.h; sourceTree = "<group>"; };
		B86F9C8322D7835E00A5663C /* BdbProgressHUDManager.m */ = {isa = PBXFileReference; fileEncoding = 4; lastKnownFileType = sourcecode.c.objc; path = BdbProgressHUDManager.m; sourceTree = "<group>"; };
		B86F9C8422D7835E00A5663C /* AddressData.m */ = {isa = PBXFileReference; fileEncoding = 4; lastKnownFileType = sourcecode.c.objc; path = AddressData.m; sourceTree = "<group>"; };
		B86F9C8622D7835E00A5663C /* UIBarButtonItem+Button.h */ = {isa = PBXFileReference; fileEncoding = 4; lastKnownFileType = sourcecode.c.h; path = "UIBarButtonItem+Button.h"; sourceTree = "<group>"; };
		B86F9C8722D7835E00A5663C /* BdbDefaultView.h */ = {isa = PBXFileReference; fileEncoding = 4; lastKnownFileType = sourcecode.c.h; path = BdbDefaultView.h; sourceTree = "<group>"; };
		B86F9C8822D7835E00A5663C /* BdbUserShopCarTool.m */ = {isa = PBXFileReference; fileEncoding = 4; lastKnownFileType = sourcecode.c.objc; path = BdbUserShopCarTool.m; sourceTree = "<group>"; };
		B86F9C8922D7835E00A5663C /* BdbAddressView.h */ = {isa = PBXFileReference; fileEncoding = 4; lastKnownFileType = sourcecode.c.h; path = BdbAddressView.h; sourceTree = "<group>"; };
		B86F9C8A22D7835E00A5663C /* NSString+Extension.m */ = {isa = PBXFileReference; fileEncoding = 4; lastKnownFileType = sourcecode.c.objc; path = "NSString+Extension.m"; sourceTree = "<group>"; };
		B86F9C8B22D7835E00A5663C /* ItemCustomButton.h */ = {isa = PBXFileReference; fileEncoding = 4; lastKnownFileType = sourcecode.c.h; path = ItemCustomButton.h; sourceTree = "<group>"; };
		B86F9C8C22D7835E00A5663C /* UIView+Extension.m */ = {isa = PBXFileReference; fileEncoding = 4; lastKnownFileType = sourcecode.c.objc; path = "UIView+Extension.m"; sourceTree = "<group>"; };
		B86F9C8D22D7835E00A5663C /* BdbProgressHUDManager.h */ = {isa = PBXFileReference; fileEncoding = 4; lastKnownFileType = sourcecode.c.h; path = BdbProgressHUDManager.h; sourceTree = "<group>"; };
		B86F9C8E22D7835E00A5663C /* BdbIconImageTextView.m */ = {isa = PBXFileReference; fileEncoding = 4; lastKnownFileType = sourcecode.c.objc; path = BdbIconImageTextView.m; sourceTree = "<group>"; };
		B86F9C8F22D7835E00A5663C /* BdbAnimationRefreshHeader.h */ = {isa = PBXFileReference; fileEncoding = 4; lastKnownFileType = sourcecode.c.h; path = BdbAnimationRefreshHeader.h; sourceTree = "<group>"; };
		B86F9C9022D7835E00A5663C /* BdbTableFootView.m */ = {isa = PBXFileReference; fileEncoding = 4; lastKnownFileType = sourcecode.c.objc; path = BdbTableFootView.m; sourceTree = "<group>"; };
		B86F9C9122D7835E00A5663C /* BdbLightningView.h */ = {isa = PBXFileReference; fileEncoding = 4; lastKnownFileType = sourcecode.c.h; path = BdbLightningView.h; sourceTree = "<group>"; };
		B86F9C9222D7835E00A5663C /* BdbShoppingCell.h */ = {isa = PBXFileReference; fileEncoding = 4; lastKnownFileType = sourcecode.c.h; path = BdbShoppingCell.h; sourceTree = "<group>"; };
		B86F9C9722D7835E00A5663C /* FocusURL.plist */ = {isa = PBXFileReference; fileEncoding = 4; lastKnownFileType = text.plist.xml; path = FocusURL.plist; sourceTree = "<group>"; };
		B86F9C9822D7835E00A5663C /* 系统消息 */ = {isa = PBXFileReference; fileEncoding = 4; lastKnownFileType = text; path = "系统消息"; sourceTree = "<group>"; };
		B86F9C9922D7835E00A5663C /* supermarket */ = {isa = PBXFileReference; fileEncoding = 4; lastKnownFileType = text; path = supermarket; sourceTree = "<group>"; };
		B86F9C9A22D7835E00A5663C /* AD */ = {isa = PBXFileReference; fileEncoding = 4; lastKnownFileType = text; path = AD; sourceTree = "<group>"; };
		B86F9C9B22D7835E00A5663C /* MinePlist.plist */ = {isa = PBXFileReference; fileEncoding = 4; lastKnownFileType = text.plist.xml; path = MinePlist.plist; sourceTree = "<group>"; };
		B86F9C9C22D7835E00A5663C /* UserMessage */ = {isa = PBXFileReference; fileEncoding = 4; lastKnownFileType = text; path = UserMessage; sourceTree = "<group>"; };
		B86F9C9D22D7835E00A5663C /* MyCoupon */ = {isa = PBXFileReference; fileEncoding = 4; lastKnownFileType = text; path = MyCoupon; sourceTree = "<group>"; };
		B86F9C9E22D7835E00A5663C /* Search */ = {isa = PBXFileReference; fileEncoding = 4; lastKnownFileType = text; path = Search; sourceTree = "<group>"; };
		B86F9C9F22D7835E00A5663C /* MyAdress */ = {isa = PBXFileReference; fileEncoding = 4; lastKnownFileType = text; path = MyAdress; sourceTree = "<group>"; };
		B86F9CA022D7835E00A5663C /* HelpPlist.plist */ = {isa = PBXFileReference; fileEncoding = 4; lastKnownFileType = text.plist.xml; path = HelpPlist.plist; sourceTree = "<group>"; };
		B86F9CA122D7835E00A5663C /* Mine */ = {isa = PBXFileReference; fileEncoding = 4; lastKnownFileType = text; path = Mine; sourceTree = "<group>"; };
		B86F9CA222D7835E00A5663C /* footerBanner */ = {isa = PBXFileReference; fileEncoding = 4; lastKnownFileType = text; path = footerBanner; sourceTree = "<group>"; };
		B86F9CA322D7835E00A5663C /* SystemMessage */ = {isa = PBXFileReference; fileEncoding = 4; lastKnownFileType = text; path = SystemMessage; sourceTree = "<group>"; };
		B86F9CA422D7835E00A5663C /* SearchProduct */ = {isa = PBXFileReference; fileEncoding = 4; lastKnownFileType = text; path = SearchProduct; sourceTree = "<group>"; };
		B86F9CA522D7835E00A5663C /* 促销 */ = {isa = PBXFileReference; fileEncoding = 4; lastKnownFileType = text; path = "促销"; sourceTree = "<group>"; };
		B86F9CA622D7835E00A5663C /* 首页热卖 */ = {isa = PBXFileReference; fileEncoding = 4; lastKnownFileType = text; path = "首页热卖"; sourceTree = "<group>"; };
		B86F9CA722D7835E00A5663C /* 首页新鲜热卖 */ = {isa = PBXFileReference; fileEncoding = 4; lastKnownFileType = text; path = "首页新鲜热卖"; sourceTree = "<group>"; };
		B86F9CA822D7835E00A5663C /* MyOrders */ = {isa = PBXFileReference; fileEncoding = 4; lastKnownFileType = text; path = MyOrders; sourceTree = "<group>"; };
		B86F9CAA22D7835E00A5663C /* BdbFlashCell.m */ = {isa = PBXFileReference; fileEncoding = 4; lastKnownFileType = sourcecode.c.objc; path = BdbFlashCell.m; sourceTree = "<group>"; };
		B86F9CAB22D7835E00A5663C /* BdbGoodsCell.h */ = {isa = PBXFileReference; fileEncoding = 4; lastKnownFileType = sourcecode.c.h; path = BdbGoodsCell.h; sourceTree = "<group>"; };
		B86F9CAD22D7835E00A5663C /* BdbSupermarketSource.h */ = {isa = PBXFileReference; fileEncoding = 4; lastKnownFileType = sourcecode.c.h; path = BdbSupermarketSource.h; sourceTree = "<group>"; };
		B86F9CAE22D7835E00A5663C /* BdbProductsViewController.m */ = {isa = PBXFileReference; fileEncoding = 4; lastKnownFileType = sourcecode.c.objc; path = BdbProductsViewController.m; sourceTree = "<group>"; };
		B86F9CAF22D7835E00A5663C /* BdbFlashViewController.m */ = {isa = PBXFileReference; fileEncoding = 4; lastKnownFileType = sourcecode.c.objc; path = BdbFlashViewController.m; sourceTree = "<group>"; };
		B86F9CB022D7835E00A5663C /* BdbSupermarketSource.m */ = {isa = PBXFileReference; fileEncoding = 4; lastKnownFileType = sourcecode.c.objc; path = BdbSupermarketSource.m; sourceTree = "<group>"; };
		B86F9CB122D7835E00A5663C /* BdbFlashViewController.h */ = {isa = PBXFileReference; fileEncoding = 4; lastKnownFileType = sourcecode.c.h; path = BdbFlashViewController.h; sourceTree = "<group>"; };
		B86F9CB222D7835E00A5663C /* BdbProductsViewController.h */ = {isa = PBXFileReference; fileEncoding = 4; lastKnownFileType = sourcecode.c.h; path = BdbProductsViewController.h; sourceTree = "<group>"; };
		B86F9CB422D7835E00A5663C /* BdbFlashCell.h */ = {isa = PBXFileReference; fileEncoding = 4; lastKnownFileType = sourcecode.c.h; path = BdbFlashCell.h; sourceTree = "<group>"; };
		B86F9CB522D7835E00A5663C /* BdbGoodsCell.m */ = {isa = PBXFileReference; fileEncoding = 4; lastKnownFileType = sourcecode.c.objc; path = BdbGoodsCell.m; sourceTree = "<group>"; };
		B86F9CB822D7835E00A5663C /* BdbMyHeadView.h */ = {isa = PBXFileReference; fileEncoding = 4; lastKnownFileType = sourcecode.c.h; path = BdbMyHeadView.h; sourceTree = "<group>"; };
		B86F9CB922D7835E00A5663C /* BdbMyViewController.h */ = {isa = PBXFileReference; fileEncoding = 4; lastKnownFileType = sourcecode.c.h; path = BdbMyViewController.h; sourceTree = "<group>"; };
		B86F9CBA22D7835E00A5663C /* BdbMyViewController.m */ = {isa = PBXFileReference; fileEncoding = 4; lastKnownFileType = sourcecode.c.objc; path = BdbMyViewController.m; sourceTree = "<group>"; };
		B86F9CBB22D7835E00A5663C /* BdbMyHeadView.m */ = {isa = PBXFileReference; fileEncoding = 4; lastKnownFileType = sourcecode.c.objc; path = BdbMyHeadView.m; sourceTree = "<group>"; };
		B86F9CBD22D7835E00A5663C /* BdbTitleIconAction.m */ = {isa = PBXFileReference; fileEncoding = 4; lastKnownFileType = sourcecode.c.objc; path = BdbTitleIconAction.m; sourceTree = "<group>"; };
		B86F9CBE22D7835E00A5663C /* BdbTitleIconAction.h */ = {isa = PBXFileReference; fileEncoding = 4; lastKnownFileType = sourcecode.c.h; path = BdbTitleIconAction.h; sourceTree = "<group>"; };
		B86F9CC022D7835E00A5663C /* BdbMenuView.m */ = {isa = PBXFileReference; fileEncoding = 4; lastKnownFileType = sourcecode.c.objc; path = BdbMenuView.m; sourceTree = "<group>"; };
		B86F9CC122D7835E00A5663C /* BdbTitleIconView.m */ = {isa = PBXFileReference; fileEncoding = 4; lastKnownFileType = sourcecode.c.objc; path = BdbTitleIconView.m; sourceTree = "<group>"; };
		B86F9CC222D7835E00A5663C /* BdbOrderHeadView.h */ = {isa = PBXFileReference; fileEncoding = 4; lastKnownFileType = sourcecode.c.h; path = BdbOrderHeadView.h; sourceTree = "<group>"; };
		B86F9CC322D7835E00A5663C /* BdbFooterBannerData.m */ = {isa = PBXFileReference; fileEncoding = 4; lastKnownFileType = sourcecode.c.objc; path = BdbFooterBannerData.m; sourceTree = "<group>"; };
		B86F9CC422D7835E00A5663C /* BdbMenuView.h */ = {isa = PBXFileReference; fileEncoding = 4; lastKnownFileType = sourcecode.c.h; path = BdbMenuView.h; sourceTree = "<group>"; };
		B86F9CC522D7835E00A5663C /* BdbTitleIconView.h */ = {isa = PBXFileReference; fileEncoding = 4; lastKnownFileType = sourcecode.c.h; path = BdbTitleIconView.h; sourceTree = "<group>"; };
		B86F9CC622D7835E00A5663C /* BdbOrderHeadView.m */ = {isa = PBXFileReference; fileEncoding = 4; lastKnownFileType = sourcecode.c.objc; path = BdbOrderHeadView.m; sourceTree = "<group>"; };
		B86F9CC722D7835E00A5663C /* BdbFooterBannerData.h */ = {isa = PBXFileReference; fileEncoding = 4; lastKnownFileType = sourcecode.c.h; path = BdbFooterBannerData.h; sourceTree = "<group>"; };
		B86F9CC922D7835E00A5663C /* BaseTabBarViewController.m */ = {isa = PBXFileReference; fileEncoding = 4; lastKnownFileType = sourcecode.c.objc; path = BaseTabBarViewController.m; sourceTree = "<group>"; };
		B86F9CCA22D7835E00A5663C /* BdbSelectedAdressViewController.m */ = {isa = PBXFileReference; fileEncoding = 4; lastKnownFileType = sourcecode.c.objc; path = BdbSelectedAdressViewController.m; sourceTree = "<group>"; };
		B86F9CCB22D7835E00A5663C /* BdbBaseNavigationController.h */ = {isa = PBXFileReference; fileEncoding = 4; lastKnownFileType = sourcecode.c.h; path = BdbBaseNavigationController.h; sourceTree = "<group>"; };
		B86F9CCC22D7835E00A5663C /* BaseTabBarButton.m */ = {isa = PBXFileReference; fileEncoding = 4; lastKnownFileType = sourcecode.c.objc; path = BaseTabBarButton.m; sourceTree = "<group>"; };
		B86F9CCD22D7835E00A5663C /* BdbMainTabBarController.h */ = {isa = PBXFileReference; fileEncoding = 4; lastKnownFileType = sourcecode.c.h; path = BdbMainTabBarController.h; sourceTree = "<group>"; };
		B86F9CCE22D7835E00A5663C /* BdbBaseViewController.h */ = {isa = PBXFileReference; fileEncoding = 4; lastKnownFileType = sourcecode.c.h; path = BdbBaseViewController.h; sourceTree = "<group>"; };
		B86F9CCF22D7835E00A5663C /* BaseTabBarViewController.h */ = {isa = PBXFileReference; fileEncoding = 4; lastKnownFileType = sourcecode.c.h; path = BaseTabBarViewController.h; sourceTree = "<group>"; };
		B86F9CD022D7835E00A5663C /* BdbMainTabBarController.m */ = {isa = PBXFileReference; fileEncoding = 4; lastKnownFileType = sourcecode.c.objc; path = BdbMainTabBarController.m; sourceTree = "<group>"; };
		B86F9CD122D7835E00A5663C /* BaseTabBarButton.h */ = {isa = PBXFileReference; fileEncoding = 4; lastKnownFileType = sourcecode.c.h; path = BaseTabBarButton.h; sourceTree = "<group>"; };
		B86F9CD222D7835E00A5663C /* BdbBaseNavigationController.m */ = {isa = PBXFileReference; fileEncoding = 4; lastKnownFileType = sourcecode.c.objc; path = BdbBaseNavigationController.m; sourceTree = "<group>"; };
		B86F9CD322D7835E00A5663C /* BdbSelectedAdressViewController.h */ = {isa = PBXFileReference; fileEncoding = 4; lastKnownFileType = sourcecode.c.h; path = BdbSelectedAdressViewController.h; sourceTree = "<group>"; };
		B86F9CD422D7835E00A5663C /* BdbBaseViewController.m */ = {isa = PBXFileReference; fileEncoding = 4; lastKnownFileType = sourcecode.c.objc; path = BdbBaseViewController.m; sourceTree = "<group>"; };
		B86F9D1B22D785BE00A5663C /* BdbShoppingCell.h */ = {isa = PBXFileReference; fileEncoding = 4; lastKnownFileType = sourcecode.c.h; path = BdbShoppingCell.h; sourceTree = "<group>"; };
		B86F9D2422DBF04400A5663C /* home_highlight@3x.png */ = {isa = PBXFileReference; lastKnownFileType = image.png; path = "home_highlight@3x.png"; sourceTree = "<group>"; };
		B86F9D2522DBF04400A5663C /* category@3x.png */ = {isa = PBXFileReference; lastKnownFileType = image.png; path = "category@3x.png"; sourceTree = "<group>"; };
		B86F9D2622DBF04400A5663C /* user_highlight@3x.png */ = {isa = PBXFileReference; lastKnownFileType = image.png; path = "user_highlight@3x.png"; sourceTree = "<group>"; };
		B86F9D2722DBF04400A5663C /* cart_highlight@3x.png */ = {isa = PBXFileReference; lastKnownFileType = image.png; path = "cart_highlight@3x.png"; sourceTree = "<group>"; };
		B86F9D2822DBF04400A5663C /* home@3x.png */ = {isa = PBXFileReference; lastKnownFileType = image.png; path = "home@3x.png"; sourceTree = "<group>"; };
		B86F9D2922DBF04400A5663C /* category_highlight@3x.png */ = {isa = PBXFileReference; lastKnownFileType = image.png; path = "category_highlight@3x.png"; sourceTree = "<group>"; };
		B86F9D2A22DBF04400A5663C /* cart@3x.png */ = {isa = PBXFileReference; lastKnownFileType = image.png; path = "cart@3x.png"; sourceTree = "<group>"; };
		B86F9D2B22DBF04400A5663C /* search_bg.png */ = {isa = PBXFileReference; lastKnownFileType = image.png; path = search_bg.png; sourceTree = "<group>"; };
		B86F9D2C22DBF04400A5663C /* user@3x.png */ = {isa = PBXFileReference; lastKnownFileType = image.png; path = "user@3x.png"; sourceTree = "<group>"; };
		B86F9D2E22DBF04400A5663C /* banner2.png */ = {isa = PBXFileReference; lastKnownFileType = image.png; path = banner2.png; sourceTree = "<group>"; };
		B86F9D2F22DBF04400A5663C /* banner3.png */ = {isa = PBXFileReference; lastKnownFileType = image.png; path = banner3.png; sourceTree = "<group>"; };
		B86F9D3022DBF04400A5663C /* banner1.png */ = {isa = PBXFileReference; lastKnownFileType = image.png; path = banner1.png; sourceTree = "<group>"; };
		B86F9D3122DBF04400A5663C /* banner4.png */ = {isa = PBXFileReference; lastKnownFileType = image.png; path = banner4.png; sourceTree = "<group>"; };
		B86F9D4722DBF68E00A5663C /* launch.png */ = {isa = PBXFileReference; lastKnownFileType = image.png; path = launch.png; sourceTree = "<group>"; };
		B86F9D4922DBF70700A5663C /* Launch Screen.storyboard */ = {isa = PBXFileReference; lastKnownFileType = file.storyboard; path = "Launch Screen.storyboard"; sourceTree = "<group>"; };
		B86F9D4C22DCC27600A5663C /* GYZChooseCityController.m */ = {isa = PBXFileReference; fileEncoding = 4; lastKnownFileType = sourcecode.c.objc; path = GYZChooseCityController.m; sourceTree = "<group>"; };
		B86F9D4D22DCC27600A5663C /* GYZCityGroupCell.m */ = {isa = PBXFileReference; fileEncoding = 4; lastKnownFileType = sourcecode.c.objc; path = GYZCityGroupCell.m; sourceTree = "<group>"; };
		B86F9D4E22DCC27600A5663C /* CityData.plist */ = {isa = PBXFileReference; fileEncoding = 4; lastKnownFileType = text.plist.xml; path = CityData.plist; sourceTree = "<group>"; };
		B86F9D4F22DCC27600A5663C /* GYZCityHeaderView.m */ = {isa = PBXFileReference; fileEncoding = 4; lastKnownFileType = sourcecode.c.objc; path = GYZCityHeaderView.m; sourceTree = "<group>"; };
		B86F9D5022DCC27600A5663C /* GYZCity.m */ = {isa = PBXFileReference; fileEncoding = 4; lastKnownFileType = sourcecode.c.objc; path = GYZCity.m; sourceTree = "<group>"; };
		B86F9D5122DCC27600A5663C /* GYZCityGroupCell.h */ = {isa = PBXFileReference; fileEncoding = 4; lastKnownFileType = sourcecode.c.h; path = GYZCityGroupCell.h; sourceTree = "<group>"; };
		B86F9D5222DCC27600A5663C /* GYZChooseCityDelegate.h */ = {isa = PBXFileReference; fileEncoding = 4; lastKnownFileType = sourcecode.c.h; path = GYZChooseCityDelegate.h; sourceTree = "<group>"; };
		B86F9D5322DCC27600A5663C /* GYZChooseCityController.h */ = {isa = PBXFileReference; fileEncoding = 4; lastKnownFileType = sourcecode.c.h; path = GYZChooseCityController.h; sourceTree = "<group>"; };
		B86F9D5422DCC27600A5663C /* GYZCityHeaderView.h */ = {isa = PBXFileReference; fileEncoding = 4; lastKnownFileType = sourcecode.c.h; path = GYZCityHeaderView.h; sourceTree = "<group>"; };
		B86F9D5522DCC27600A5663C /* GYZCity.h */ = {isa = PBXFileReference; fileEncoding = 4; lastKnownFileType = sourcecode.c.h; path = GYZCity.h; sourceTree = "<group>"; };
		B874C90422D2056B00C8BCE4 /* BdbAddressViewController.h */ = {isa = PBXFileReference; lastKnownFileType = sourcecode.c.h; path = BdbAddressViewController.h; sourceTree = "<group>"; };
		B874C90522D2056B00C8BCE4 /* BdbAddressViewController.m */ = {isa = PBXFileReference; lastKnownFileType = sourcecode.c.objc; path = BdbAddressViewController.m; sourceTree = "<group>"; };
		B88DC72321B3F75400F6CD40 /* images.xcassets */ = {isa = PBXFileReference; lastKnownFileType = folder.assetcatalog; path = images.xcassets; sourceTree = "<group>"; };
		B892C1EB22CE4742004D4FCF /* Bdbbuy.entitlements */ = {isa = PBXFileReference; lastKnownFileType = text.plist.entitlements; path = Bdbbuy.entitlements; sourceTree = "<group>"; };
		B892C2BE22D1D920004D4FCF /* BdbWKWebViewController.m */ = {isa = PBXFileReference; fileEncoding = 4; lastKnownFileType = sourcecode.c.objc; path = BdbWKWebViewController.m; sourceTree = "<group>"; };
		B892C2BF22D1D920004D4FCF /* BdbWKWebViewController.h */ = {isa = PBXFileReference; fileEncoding = 4; lastKnownFileType = sourcecode.c.h; path = BdbWKWebViewController.h; sourceTree = "<group>"; };
		B892C2C222D1DA0E004D4FCF /* Global.m */ = {isa = PBXFileReference; lastKnownFileType = sourcecode.c.objc; path = Global.m; sourceTree = "<group>"; };
		B892C2E922D1EA90004D4FCF /* BdbLaunchViewController.h */ = {isa = PBXFileReference; lastKnownFileType = sourcecode.c.h; path = BdbLaunchViewController.h; sourceTree = "<group>"; };
		B892C2EA22D1EA90004D4FCF /* BdbLaunchViewController.m */ = {isa = PBXFileReference; lastKnownFileType = sourcecode.c.objc; path = BdbLaunchViewController.m; sourceTree = "<group>"; };
		C31BAE3BEED2332AE27AF488 /* Pods-Bdbbuy.debug.xcconfig */ = {isa = PBXFileReference; includeInIndex = 1; lastKnownFileType = text.xcconfig; name = "Pods-Bdbbuy.debug.xcconfig"; path = "Pods/Target Support Files/Pods-Bdbbuy/Pods-Bdbbuy.debug.xcconfig"; sourceTree = "<group>"; };
		DED0F3082363E51300CCC969 /* supermarketnew */ = {isa = PBXFileReference; fileEncoding = 4; lastKnownFileType = text; path = supermarketnew; sourceTree = "<group>"; };
		DEE3F0722398ADC300CEF0BB /* BdbTools.h */ = {isa = PBXFileReference; lastKnownFileType = sourcecode.c.h; path = BdbTools.h; sourceTree = "<group>"; };
		DEE3F0732398ADC300CEF0BB /* BdbTools.m */ = {isa = PBXFileReference; lastKnownFileType = sourcecode.c.objc; path = BdbTools.m; sourceTree = "<group>"; };
		FC54EF4921B107E400BB78AE /* BdbNetwork.h */ = {isa = PBXFileReference; lastKnownFileType = sourcecode.c.h; path = BdbNetwork.h; sourceTree = "<group>"; };
		FC54EF4A21B107E400BB78AE /* BdbNetwork.m */ = {isa = PBXFileReference; lastKnownFileType = sourcecode.c.objc; path = BdbNetwork.m; sourceTree = "<group>"; };
		FC84FD6921B3B1E300D46A4E /* Global.h */ = {isa = PBXFileReference; lastKnownFileType = sourcecode.c.h; path = Global.h; sourceTree = "<group>"; };
/* End PBXFileReference section */

/* Begin PBXFrameworksBuildPhase section */
		8BAB53E621AD80A600AC813A /* Frameworks */ = {
			isa = PBXFrameworksBuildPhase;
			buildActionMask = 2147483647;
			files = (
				8B2019AF21AE0CAD002F95FD /* AFNetworking.framework in Frameworks */,
				8B2019B021AE0CAD002F95FD /* SDWebImage.framework in Frameworks */,
				F52E6EB81EF9151EAA831135 /* Pods_Bdbbuy.framework in Frameworks */,
			);
			runOnlyForDeploymentPostprocessing = 0;
		};
/* End PBXFrameworksBuildPhase section */

/* Begin PBXGroup section */
		13491E86E8948C6F2CFE2E26 /* Frameworks */ = {
			isa = PBXGroup;
			children = (
				8B2019B121AE0CAD002F95FD /* AFNetworking.framework */,
				8B2019B221AE0CAD002F95FD /* SDWebImage.framework */,
				798CC941E14010EC0892DF4A /* Pods_Bdbbuy.framework */,
			);
			name = Frameworks;
			sourceTree = "<group>";
		};
		8BAB53E021AD80A600AC813A = {
			isa = PBXGroup;
			children = (
				8BAB53EB21AD80A600AC813A /* Bdbbuy */,
				8BAB53EA21AD80A600AC813A /* Products */,
				EBDD46BE180ABAFBDE09883C /* Pods */,
				13491E86E8948C6F2CFE2E26 /* Frameworks */,
			);
			sourceTree = "<group>";
		};
		8BAB53EA21AD80A600AC813A /* Products */ = {
			isa = PBXGroup;
			children = (
				8BAB53E921AD80A600AC813A /* Bdbbuy.app */,
			);
			name = Products;
			sourceTree = "<group>";
		};
		8BAB53EB21AD80A600AC813A /* Bdbbuy */ = {
			isa = PBXGroup;
			children = (
				B86F9D4B22DCC27600A5663C /* GYZChooseCity */,
				B86F9D2322DBF04400A5663C /* resources */,
				B86F9C4822D7835E00A5663C /* BdbMain */,
				B892C2BD22D1D920004D4FCF /* BdbWeb */,
				B892C1EB22CE4742004D4FCF /* Bdbbuy.entitlements */,
				FC84FD6921B3B1E300D46A4E /* Global.h */,
				B892C2C222D1DA0E004D4FCF /* Global.m */,
				FC54EF4D21B10BDB00BB78AE /* SupportFile */,
				FC54EF4821B107CB00BB78AE /* Network */,
				8BAB53FB21AD80A600AC813A /* main.m */,
				B88DC72321B3F75400F6CD40 /* images.xcassets */,
				B86F9D4922DBF70700A5663C /* Launch Screen.storyboard */,
			);
			path = Bdbbuy;
			sourceTree = "<group>";
		};
		B86F9C4822D7835E00A5663C /* BdbMain */ = {
			isa = PBXGroup;
			children = (
				B86F9C4922D7835E00A5663C /* Home */,
				B86F9C7122D7835E00A5663C /* Shopping */,
				B86F9C7522D7835E00A5663C /* CommonLib */,
				B86F9C9622D7835E00A5663C /* Resouce */,
				B86F9CA922D7835E00A5663C /* Flash */,
				B86F9CB622D7835E00A5663C /* My */,
				B86F9CC822D7835E00A5663C /* Main */,
			);
			path = BdbMain;
			sourceTree = "<group>";
		};
		B86F9C4922D7835E00A5663C /* Home */ = {
			isa = PBXGroup;
			children = (
				B86F9C4A22D7835E00A5663C /* Controller */,
				B86F9C4F22D7835E00A5663C /* Model */,
				B86F9C5622D7835E00A5663C /* View */,
			);
			path = Home;
			sourceTree = "<group>";
		};
		B86F9C4A22D7835E00A5663C /* Controller */ = {
			isa = PBXGroup;
			children = (
				B86F9C4B22D7835E00A5663C /* BdbHomeViewController.h */,
				B86F9C4C22D7835E00A5663C /* BdbWebViewController.m */,
				B86F9C4D22D7835E00A5663C /* BdbHomeViewController.m */,
				B86F9C4E22D7835E00A5663C /* BdbWebViewController.h */,
			);
			path = Controller;
			sourceTree = "<group>";
		};
		B86F9C4F22D7835E00A5663C /* Model */ = {
			isa = PBXGroup;
			children = (
				B86F9C5022D7835E00A5663C /* BdbGoods.m */,
				B86F9C5122D7835E00A5663C /* BdbActivity.m */,
				B86F9C5222D7835E00A5663C /* BdbHomeHeadData.m */,
				B86F9C5322D7835E00A5663C /* BdbActivity.h */,
				B86F9C5422D7835E00A5663C /* BdbGoods.h */,
				B86F9C5522D7835E00A5663C /* BdbHomeHeadData.h */,
			);
			path = Model;
			sourceTree = "<group>";
		};
		B86F9C5622D7835E00A5663C /* View */ = {
			isa = PBXGroup;
			children = (
				B86F9C5722D7835E00A5663C /* BdbScrollerPageView.m */,
				B86F9C5822D7835E00A5663C /* BdbHomeCell.h */,
				B86F9C5922D7835E00A5663C /* UIColor+BdbExpand.m */,
				B86F9C5A22D7835E00A5663C /* BdbHotView.m */,
				B86F9C5B22D7835E00A5663C /* BdbHeadlineContentView.m */,
				B86F9C5C22D7835E00A5663C /* BdbDiscountPriceView.m */,
				B86F9C5D22D7835E00A5663C /* BdbHomeCellTitleView.m */,
				B86F9C5E22D7835E00A5663C /* BdbHeadLineView.m */,
				B86F9C5F22D7835E00A5663C /* BdbHomeCellGoodsView.m */,
				B86F9C6022D7835E00A5663C /* BdbHomeCategoryCell.m */,
				B86F9C6122D7835E00A5663C /* BdbBuyView.h */,
				B86F9C6222D7835E00A5663C /* BdbHomeHeadView.m */,
				B86F9C6322D7835E00A5663C /* BdbHeadLinePageView.m */,
				B86F9C6422D7835E00A5663C /* BdbHeadlineContentView.h */,
				B86F9C6522D7835E00A5663C /* BdbHotView.h */,
				B86F9C6622D7835E00A5663C /* UIColor+BdbExpand.h */,
				B86F9C6722D7835E00A5663C /* BdbHomeCell.m */,
				B86F9C6822D7835E00A5663C /* BdbScrollerPageView.h */,
				B86F9C6922D7835E00A5663C /* BdbHomeCellGoodsView.h */,
				B86F9C6A22D7835E00A5663C /* BdbHeadLineView.h */,
				B86F9C6B22D7835E00A5663C /* BdbHomeCellTitleView.h */,
				B86F9C6C22D7835E00A5663C /* BdbDiscountPriceView.h */,
				B86F9C6D22D7835E00A5663C /* BdbBuyView.m */,
				B86F9C6E22D7835E00A5663C /* BdbHomeCategoryCell.h */,
				B86F9C6F22D7835E00A5663C /* BdbHeadLinePageView.h */,
				B86F9C7022D7835E00A5663C /* BdbHomeHeadView.h */,
			);
			path = View;
			sourceTree = "<group>";
		};
		B86F9C7122D7835E00A5663C /* Shopping */ = {
			isa = PBXGroup;
			children = (
				B86F9C7222D7835E00A5663C /* Controller */,
			);
			path = Shopping;
			sourceTree = "<group>";
		};
		B86F9C7222D7835E00A5663C /* Controller */ = {
			isa = PBXGroup;
			children = (
				B86F9C7322D7835E00A5663C /* BdbShoppingVC.m */,
				B86F9C7422D7835E00A5663C /* BdbShoppingVC.h */,
			);
			path = Controller;
			sourceTree = "<group>";
		};
		B86F9C7522D7835E00A5663C /* CommonLib */ = {
			isa = PBXGroup;
			children = (
				B86F9D1B22D785BE00A5663C /* BdbShoppingCell.h */,
				B86F9C7622D7835E00A5663C /* UIBarButtonItem+Button.m */,
				B86F9C7722D7835E00A5663C /* AddressData.h */,
				B86F9C7822D7835E00A5663C /* BdbAddressView.m */,
				B86F9C7922D7835E00A5663C /* NSString+Extension.h */,
				B86F9C7A22D7835E00A5663C /* BdbUserShopCarTool.h */,
				B86F9C7B22D7835E00A5663C /* BdbDefaultView.m */,
				B86F9C7C22D7835E00A5663C /* UIView+Extension.h */,
				B86F9C7D22D7835E00A5663C /* ItemCustomButton.m */,
				B86F9C7E22D7835E00A5663C /* BdbShoppingCell.m */,
				B86F9C7F22D7835E00A5663C /* BdbTableFootView.h */,
				B86F9C8022D7835E00A5663C /* BdbLightningView.m */,
				B86F9C8122D7835E00A5663C /* BdbAnimationRefreshHeader.m */,
				B86F9C8222D7835E00A5663C /* BdbIconImageTextView.h */,
				B86F9C8322D7835E00A5663C /* BdbProgressHUDManager.m */,
				B86F9C8422D7835E00A5663C /* AddressData.m */,
				B86F9C8622D7835E00A5663C /* UIBarButtonItem+Button.h */,
				B86F9C8722D7835E00A5663C /* BdbDefaultView.h */,
				B86F9C8822D7835E00A5663C /* BdbUserShopCarTool.m */,
				B86F9C8922D7835E00A5663C /* BdbAddressView.h */,
				B86F9C8A22D7835E00A5663C /* NSString+Extension.m */,
				B86F9C8B22D7835E00A5663C /* ItemCustomButton.h */,
				B86F9C8C22D7835E00A5663C /* UIView+Extension.m */,
				B86F9C8D22D7835E00A5663C /* BdbProgressHUDManager.h */,
				B86F9C8E22D7835E00A5663C /* BdbIconImageTextView.m */,
				B86F9C8F22D7835E00A5663C /* BdbAnimationRefreshHeader.h */,
				B86F9C9022D7835E00A5663C /* BdbTableFootView.m */,
				B86F9C9122D7835E00A5663C /* BdbLightningView.h */,
				B86F9C9222D7835E00A5663C /* BdbShoppingCell.h */,
			);
			path = CommonLib;
			sourceTree = "<group>";
		};
		B86F9C9622D7835E00A5663C /* Resouce */ = {
			isa = PBXGroup;
			children = (
				DED0F3082363E51300CCC969 /* supermarketnew */,
				B86F9C9722D7835E00A5663C /* FocusURL.plist */,
				B86F9C9822D7835E00A5663C /* 系统消息 */,
				B86F9C9922D7835E00A5663C /* supermarket */,
				B86F9C9A22D7835E00A5663C /* AD */,
				B86F9C9B22D7835E00A5663C /* MinePlist.plist */,
				B86F9C9C22D7835E00A5663C /* UserMessage */,
				B86F9C9D22D7835E00A5663C /* MyCoupon */,
				B86F9C9E22D7835E00A5663C /* Search */,
				B86F9C9F22D7835E00A5663C /* MyAdress */,
				B86F9CA022D7835E00A5663C /* HelpPlist.plist */,
				B86F9CA122D7835E00A5663C /* Mine */,
				B86F9CA222D7835E00A5663C /* footerBanner */,
				B86F9CA322D7835E00A5663C /* SystemMessage */,
				B86F9CA422D7835E00A5663C /* SearchProduct */,
				B86F9CA522D7835E00A5663C /* 促销 */,
				B86F9CA622D7835E00A5663C /* 首页热卖 */,
				B86F9CA722D7835E00A5663C /* 首页新鲜热卖 */,
				B86F9CA822D7835E00A5663C /* MyOrders */,
			);
			path = Resouce;
			sourceTree = "<group>";
		};
		B86F9CA922D7835E00A5663C /* Flash */ = {
			isa = PBXGroup;
			children = (
				B86F9CAA22D7835E00A5663C /* BdbFlashCell.m */,
				B86F9CAB22D7835E00A5663C /* BdbGoodsCell.h */,
				B86F9CAC22D7835E00A5663C /* Controller */,
				B86F9CB422D7835E00A5663C /* BdbFlashCell.h */,
				B86F9CB522D7835E00A5663C /* BdbGoodsCell.m */,
			);
			path = Flash;
			sourceTree = "<group>";
		};
		B86F9CAC22D7835E00A5663C /* Controller */ = {
			isa = PBXGroup;
			children = (
				B86F9CAD22D7835E00A5663C /* BdbSupermarketSource.h */,
				B86F9CAE22D7835E00A5663C /* BdbProductsViewController.m */,
				B86F9CAF22D7835E00A5663C /* BdbFlashViewController.m */,
				B86F9CB022D7835E00A5663C /* BdbSupermarketSource.m */,
				B86F9CB122D7835E00A5663C /* BdbFlashViewController.h */,
				B86F9CB222D7835E00A5663C /* BdbProductsViewController.h */,
			);
			path = Controller;
			sourceTree = "<group>";
		};
		B86F9CB622D7835E00A5663C /* My */ = {
			isa = PBXGroup;
			children = (
				B86F9CB722D7835E00A5663C /* Controller */,
				B86F9CBC22D7835E00A5663C /* Model */,
				B86F9CBF22D7835E00A5663C /* View */,
			);
			path = My;
			sourceTree = "<group>";
		};
		B86F9CB722D7835E00A5663C /* Controller */ = {
			isa = PBXGroup;
			children = (
				B86F9CB822D7835E00A5663C /* BdbMyHeadView.h */,
				B86F9CB922D7835E00A5663C /* BdbMyViewController.h */,
				B86F9CBA22D7835E00A5663C /* BdbMyViewController.m */,
				B86F9CBB22D7835E00A5663C /* BdbMyHeadView.m */,
			);
			path = Controller;
			sourceTree = "<group>";
		};
		B86F9CBC22D7835E00A5663C /* Model */ = {
			isa = PBXGroup;
			children = (
				B86F9CBD22D7835E00A5663C /* BdbTitleIconAction.m */,
				B86F9CBE22D7835E00A5663C /* BdbTitleIconAction.h */,
			);
			path = Model;
			sourceTree = "<group>";
		};
		B86F9CBF22D7835E00A5663C /* View */ = {
			isa = PBXGroup;
			children = (
				B86F9CC022D7835E00A5663C /* BdbMenuView.m */,
				B86F9CC122D7835E00A5663C /* BdbTitleIconView.m */,
				B86F9CC222D7835E00A5663C /* BdbOrderHeadView.h */,
				B86F9CC322D7835E00A5663C /* BdbFooterBannerData.m */,
				B86F9CC422D7835E00A5663C /* BdbMenuView.h */,
				B86F9CC522D7835E00A5663C /* BdbTitleIconView.h */,
				B86F9CC622D7835E00A5663C /* BdbOrderHeadView.m */,
				B86F9CC722D7835E00A5663C /* BdbFooterBannerData.h */,
			);
			path = View;
			sourceTree = "<group>";
		};
		B86F9CC822D7835E00A5663C /* Main */ = {
			isa = PBXGroup;
			children = (
				B86F9CC922D7835E00A5663C /* BaseTabBarViewController.m */,
				B86F9CCA22D7835E00A5663C /* BdbSelectedAdressViewController.m */,
				B86F9CCB22D7835E00A5663C /* BdbBaseNavigationController.h */,
				B86F9CCC22D7835E00A5663C /* BaseTabBarButton.m */,
				B86F9CCD22D7835E00A5663C /* BdbMainTabBarController.h */,
				B86F9CCE22D7835E00A5663C /* BdbBaseViewController.h */,
				B86F9CCF22D7835E00A5663C /* BaseTabBarViewController.h */,
				B86F9CD022D7835E00A5663C /* BdbMainTabBarController.m */,
				B86F9CD122D7835E00A5663C /* BaseTabBarButton.h */,
				B86F9CD222D7835E00A5663C /* BdbBaseNavigationController.m */,
				B86F9CD322D7835E00A5663C /* BdbSelectedAdressViewController.h */,
				B86F9CD422D7835E00A5663C /* BdbBaseViewController.m */,
			);
			path = Main;
			sourceTree = "<group>";
		};
		B86F9D2322DBF04400A5663C /* resources */ = {
			isa = PBXGroup;
			children = (
				B86F9D4722DBF68E00A5663C /* launch.png */,
				B86F9D2422DBF04400A5663C /* home_highlight@3x.png */,
				B86F9D2522DBF04400A5663C /* category@3x.png */,
				B86F9D2622DBF04400A5663C /* user_highlight@3x.png */,
				B86F9D2722DBF04400A5663C /* cart_highlight@3x.png */,
				B86F9D2822DBF04400A5663C /* home@3x.png */,
				B86F9D2922DBF04400A5663C /* category_highlight@3x.png */,
				B86F9D2A22DBF04400A5663C /* cart@3x.png */,
				B86F9D2B22DBF04400A5663C /* search_bg.png */,
				B86F9D2C22DBF04400A5663C /* user@3x.png */,
				B86F9D2D22DBF04400A5663C /* Banner */,
			);
			path = resources;
			sourceTree = "<group>";
		};
		B86F9D2D22DBF04400A5663C /* Banner */ = {
			isa = PBXGroup;
			children = (
				B86F9D2E22DBF04400A5663C /* banner2.png */,
				B86F9D2F22DBF04400A5663C /* banner3.png */,
				B86F9D3022DBF04400A5663C /* banner1.png */,
				B86F9D3122DBF04400A5663C /* banner4.png */,
			);
			path = Banner;
			sourceTree = "<group>";
		};
		B86F9D4B22DCC27600A5663C /* GYZChooseCity */ = {
			isa = PBXGroup;
			children = (
				B86F9D4C22DCC27600A5663C /* GYZChooseCityController.m */,
				B86F9D4D22DCC27600A5663C /* GYZCityGroupCell.m */,
				B86F9D4E22DCC27600A5663C /* CityData.plist */,
				B86F9D4F22DCC27600A5663C /* GYZCityHeaderView.m */,
				B86F9D5022DCC27600A5663C /* GYZCity.m */,
				B86F9D5122DCC27600A5663C /* GYZCityGroupCell.h */,
				B86F9D5222DCC27600A5663C /* GYZChooseCityDelegate.h */,
				B86F9D5322DCC27600A5663C /* GYZChooseCityController.h */,
				B86F9D5422DCC27600A5663C /* GYZCityHeaderView.h */,
				B86F9D5522DCC27600A5663C /* GYZCity.h */,
			);
			path = GYZChooseCity;
			sourceTree = "<group>";
		};
		B892C2BD22D1D920004D4FCF /* BdbWeb */ = {
			isa = PBXGroup;
			children = (
				B892C2BF22D1D920004D4FCF /* BdbWKWebViewController.h */,
				B892C2BE22D1D920004D4FCF /* BdbWKWebViewController.m */,
				B892C2E922D1EA90004D4FCF /* BdbLaunchViewController.h */,
				B892C2EA22D1EA90004D4FCF /* BdbLaunchViewController.m */,
				B874C90422D2056B00C8BCE4 /* BdbAddressViewController.h */,
				B874C90522D2056B00C8BCE4 /* BdbAddressViewController.m */,
			);
			path = BdbWeb;
			sourceTree = "<group>";
		};
		EBDD46BE180ABAFBDE09883C /* Pods */ = {
			isa = PBXGroup;
			children = (
				C31BAE3BEED2332AE27AF488 /* Pods-Bdbbuy.debug.xcconfig */,
				32081EAB9A5A5C291602C2E4 /* Pods-Bdbbuy.release.xcconfig */,
			);
			name = Pods;
			sourceTree = "<group>";
		};
		FC54EF4821B107CB00BB78AE /* Network */ = {
			isa = PBXGroup;
			children = (
				FC54EF4921B107E400BB78AE /* BdbNetwork.h */,
				FC54EF4A21B107E400BB78AE /* BdbNetwork.m */,
			);
			path = Network;
			sourceTree = "<group>";
		};
		FC54EF4D21B10BDB00BB78AE /* SupportFile */ = {
			isa = PBXGroup;
			children = (
				8BAB53EC21AD80A600AC813A /* AppDelegate.h */,
				8BAB53ED21AD80A600AC813A /* AppDelegate.m */,
				8BAB53F521AD80A600AC813A /* Assets.xcassets */,
				8BAB53FA21AD80A600AC813A /* Info.plist */,
				DEE3F0722398ADC300CEF0BB /* BdbTools.h */,
				DEE3F0732398ADC300CEF0BB /* BdbTools.m */,
			);
			name = SupportFile;
			sourceTree = "<group>";
		};
/* End PBXGroup section */

/* Begin PBXNativeTarget section */
		8BAB53E821AD80A600AC813A /* Bdbbuy */ = {
			isa = PBXNativeTarget;
			buildConfigurationList = 8BAB53FF21AD80A600AC813A /* Build configuration list for PBXNativeTarget "Bdbbuy" */;
			buildPhases = (
				B1964EE22667891CAB3EA481 /* [CP] Check Pods Manifest.lock */,
				8BAB53E521AD80A600AC813A /* Sources */,
				8BAB53E621AD80A600AC813A /* Frameworks */,
				8BAB53E721AD80A600AC813A /* Resources */,
				B89321567838C8E57EBC208D /* [CP] Embed Pods Frameworks */,
				1AB3C7E86D8D72A057721FC2 /* [CP] Copy Pods Resources */,
			);
			buildRules = (
			);
			dependencies = (
			);
			name = Bdbbuy;
			productName = Bdbbuy;
			productReference = 8BAB53E921AD80A600AC813A /* Bdbbuy.app */;
			productType = "com.apple.product-type.application";
		};
/* End PBXNativeTarget section */

/* Begin PBXProject section */
		8BAB53E121AD80A600AC813A /* Project object */ = {
			isa = PBXProject;
			attributes = {
				LastUpgradeCheck = 0900;
				ORGANIZATIONNAME = bdbbuy;
				TargetAttributes = {
					8BAB53E821AD80A600AC813A = {
						CreatedOnToolsVersion = 9.0;
						ProvisioningStyle = Automatic;
						SystemCapabilities = {
							com.apple.Push = {
								enabled = 1;
							};
						};
					};
				};
			};
			buildConfigurationList = 8BAB53E421AD80A600AC813A /* Build configuration list for PBXProject "Bdbbuy" */;
			compatibilityVersion = "Xcode 8.0";
			developmentRegion = en;
			hasScannedForEncodings = 0;
			knownRegions = (
				en,
				Base,
			);
			mainGroup = 8BAB53E021AD80A600AC813A;
			productRefGroup = 8BAB53EA21AD80A600AC813A /* Products */;
			projectDirPath = "";
			projectRoot = "";
			targets = (
				8BAB53E821AD80A600AC813A /* Bdbbuy */,
			);
		};
/* End PBXProject section */

/* Begin PBXResourcesBuildPhase section */
		8BAB53E721AD80A600AC813A /* Resources */ = {
			isa = PBXResourcesBuildPhase;
			buildActionMask = 2147483647;
			files = (
				B86F9D3A22DBF04400A5663C /* user@3x.png in Resources */,
				B86F9D0722D7835E00A5663C /* 首页新鲜热卖 in Resources */,
				B86F9CFF22D7835E00A5663C /* MyAdress in Resources */,
				B86F9CFE22D7835E00A5663C /* Search in Resources */,
				B86F9D0822D7835E00A5663C /* MyOrders in Resources */,
				B86F9D3322DBF04400A5663C /* category@3x.png in Resources */,
				B88DC72421B3F75400F6CD40 /* images.xcassets in Resources */,
				B86F9D4A22DBF70700A5663C /* Launch Screen.storyboard in Resources */,
				B86F9D3C22DBF04400A5663C /* banner3.png in Resources */,
				B86F9D0522D7835E00A5663C /* 促销 in Resources */,
				B86F9D3522DBF04400A5663C /* cart_highlight@3x.png in Resources */,
				B86F9D0222D7835E00A5663C /* footerBanner in Resources */,
				B86F9D3922DBF04400A5663C /* search_bg.png in Resources */,
				B86F9D0622D7835E00A5663C /* 首页热卖 in Resources */,
				B86F9D4822DBF68E00A5663C /* launch.png in Resources */,
				B86F9D3722DBF04400A5663C /* category_highlight@3x.png in Resources */,
				DED0F3092363E51400CCC969 /* supermarketnew in Resources */,
				B86F9D3822DBF04400A5663C /* cart@3x.png in Resources */,
				B86F9D3622DBF04400A5663C /* home@3x.png in Resources */,
				B86F9D3422DBF04400A5663C /* user_highlight@3x.png in Resources */,
				B86F9D3E22DBF04400A5663C /* banner4.png in Resources */,
				8BAB53F621AD80A600AC813A /* Assets.xcassets in Resources */,
				B86F9CFA22D7835E00A5663C /* AD in Resources */,
				B86F9D0322D7835E00A5663C /* SystemMessage in Resources */,
				B86F9D0022D7835E00A5663C /* HelpPlist.plist in Resources */,
				B86F9CF722D7835E00A5663C /* FocusURL.plist in Resources */,
				B86F9CFC22D7835E00A5663C /* UserMessage in Resources */,
				B86F9D0422D7835E00A5663C /* SearchProduct in Resources */,
				B86F9D3D22DBF04400A5663C /* banner1.png in Resources */,
				B86F9CFD22D7835E00A5663C /* MyCoupon in Resources */,
				B86F9D3222DBF04400A5663C /* home_highlight@3x.png in Resources */,
				B86F9CF922D7835E00A5663C /* supermarket in Resources */,
				B86F9D0122D7835E00A5663C /* Mine in Resources */,
				B86F9CFB22D7835E00A5663C /* MinePlist.plist in Resources */,
				B86F9CF822D7835E00A5663C /* 系统消息 in Resources */,
				B86F9D3B22DBF04400A5663C /* banner2.png in Resources */,
				B86F9D5822DCC27700A5663C /* CityData.plist in Resources */,
			);
			runOnlyForDeploymentPostprocessing = 0;
		};
/* End PBXResourcesBuildPhase section */

/* Begin PBXShellScriptBuildPhase section */
		1AB3C7E86D8D72A057721FC2 /* [CP] Copy Pods Resources */ = {
			isa = PBXShellScriptBuildPhase;
			buildActionMask = 2147483647;
			files = (
			);
			inputPaths = (
				"${PODS_ROOT}/Target Support Files/Pods-Bdbbuy/Pods-Bdbbuy-resources.sh",
				"${PODS_ROOT}/UMCShare/UMShare/UMSocialUI/UMSocialSDKResources.bundle",
			);
			name = "[CP] Copy Pods Resources";
			outputPaths = (
				"${TARGET_BUILD_DIR}/${UNLOCALIZED_RESOURCES_FOLDER_PATH}/UMSocialSDKResources.bundle",
			);
			runOnlyForDeploymentPostprocessing = 0;
			shellPath = /bin/sh;
			shellScript = "\"${PODS_ROOT}/Target Support Files/Pods-Bdbbuy/Pods-Bdbbuy-resources.sh\"\n";
			showEnvVarsInLog = 0;
		};
		B1964EE22667891CAB3EA481 /* [CP] Check Pods Manifest.lock */ = {
			isa = PBXShellScriptBuildPhase;
			buildActionMask = 2147483647;
			files = (
			);
			inputPaths = (
				"${PODS_PODFILE_DIR_PATH}/Podfile.lock",
				"${PODS_ROOT}/Manifest.lock",
			);
			name = "[CP] Check Pods Manifest.lock";
			outputPaths = (
				"$(DERIVED_FILE_DIR)/Pods-Bdbbuy-checkManifestLockResult.txt",
			);
			runOnlyForDeploymentPostprocessing = 0;
			shellPath = /bin/sh;
			shellScript = "diff \"${PODS_PODFILE_DIR_PATH}/Podfile.lock\" \"${PODS_ROOT}/Manifest.lock\" > /dev/null\nif [ $? != 0 ] ; then\n    # print error to STDERR\n    echo \"error: The sandbox is not in sync with the Podfile.lock. Run 'pod install' or update your CocoaPods installation.\" >&2\n    exit 1\nfi\n# This output is used by Xcode 'outputs' to avoid re-running this script phase.\necho \"SUCCESS\" > \"${SCRIPT_OUTPUT_FILE_0}\"\n";
			showEnvVarsInLog = 0;
		};
		B89321567838C8E57EBC208D /* [CP] Embed Pods Frameworks */ = {
			isa = PBXShellScriptBuildPhase;
			buildActionMask = 2147483647;
			files = (
			);
			inputPaths = (
				"${PODS_ROOT}/Target Support Files/Pods-Bdbbuy/Pods-Bdbbuy-frameworks.sh",
				"${BUILT_PRODUCTS_DIR}/AFNetworking/AFNetworking.framework",
				"${BUILT_PRODUCTS_DIR}/MJExtension/MJExtension.framework",
				"${BUILT_PRODUCTS_DIR}/MJRefresh/MJRefresh.framework",
				"${BUILT_PRODUCTS_DIR}/Masonry/Masonry.framework",
				"${BUILT_PRODUCTS_DIR}/SDCycleScrollView/SDCycleScrollView.framework",
				"${BUILT_PRODUCTS_DIR}/SDWebImage/SDWebImage.framework",
				"${BUILT_PRODUCTS_DIR}/SVProgressHUD/SVProgressHUD.framework",
			);
			name = "[CP] Embed Pods Frameworks";
			outputPaths = (
				"${TARGET_BUILD_DIR}/${FRAMEWORKS_FOLDER_PATH}/AFNetworking.framework",
				"${TARGET_BUILD_DIR}/${FRAMEWORKS_FOLDER_PATH}/MJExtension.framework",
				"${TARGET_BUILD_DIR}/${FRAMEWORKS_FOLDER_PATH}/MJRefresh.framework",
				"${TARGET_BUILD_DIR}/${FRAMEWORKS_FOLDER_PATH}/Masonry.framework",
				"${TARGET_BUILD_DIR}/${FRAMEWORKS_FOLDER_PATH}/SDCycleScrollView.framework",
				"${TARGET_BUILD_DIR}/${FRAMEWORKS_FOLDER_PATH}/SDWebImage.framework",
				"${TARGET_BUILD_DIR}/${FRAMEWORKS_FOLDER_PATH}/SVProgressHUD.framework",
			);
			runOnlyForDeploymentPostprocessing = 0;
			shellPath = /bin/sh;
			shellScript = "\"${PODS_ROOT}/Target Support Files/Pods-Bdbbuy/Pods-Bdbbuy-frameworks.sh\"\n";
			showEnvVarsInLog = 0;
		};
/* End PBXShellScriptBuildPhase section */

/* Begin PBXSourcesBuildPhase section */
		8BAB53E521AD80A600AC813A /* Sources */ = {
			isa = PBXSourcesBuildPhase;
			buildActionMask = 2147483647;
			files = (
				B86F9CEC22D7835E00A5663C /* BdbShoppingCell.m in Sources */,
				B86F9D1622D7835E00A5663C /* BdbSelectedAdressViewController.m in Sources */,
				B86F9D1222D7835E00A5663C /* BdbTitleIconView.m in Sources */,
				B86F9CE422D7835E00A5663C /* BdbHeadLinePageView.m in Sources */,
				B86F9CE722D7835E00A5663C /* BdbShoppingVC.m in Sources */,
				B86F9D5922DCC27700A5663C /* GYZCityHeaderView.m in Sources */,
				B86F9CE522D7835E00A5663C /* BdbHomeCell.m in Sources */,
				B86F9CE322D7835E00A5663C /* BdbHomeHeadView.m in Sources */,
				B86F9CF022D7835E00A5663C /* AddressData.m in Sources */,
				B86F9D0E22D7835E00A5663C /* BdbMyViewController.m in Sources */,
				B86F9CF322D7835E00A5663C /* UIView+Extension.m in Sources */,
				B86F9D1422D7835E00A5663C /* BdbOrderHeadView.m in Sources */,
				B86F9CE822D7835E00A5663C /* UIBarButtonItem+Button.m in Sources */,
				B86F9D1022D7835E00A5663C /* BdbTitleIconAction.m in Sources */,
				B86F9D1322D7835E00A5663C /* BdbFooterBannerData.m in Sources */,
				B86F9CE222D7835E00A5663C /* BdbHomeCategoryCell.m in Sources */,
				B86F9CEF22D7835E00A5663C /* BdbProgressHUDManager.m in Sources */,
				B892C2C322D1DA0E004D4FCF /* Global.m in Sources */,
				B86F9D0B22D7835E00A5663C /* BdbFlashViewController.m in Sources */,
				B86F9D0D22D7835E00A5663C /* BdbGoodsCell.m in Sources */,
				B892C2EB22D1EA90004D4FCF /* BdbLaunchViewController.m in Sources */,
				B86F9CE922D7835E00A5663C /* BdbAddressView.m in Sources */,
				FC54EF4B21B107E400BB78AE /* BdbNetwork.m in Sources */,
				B86F9CD822D7835E00A5663C /* BdbActivity.m in Sources */,
				B86F9CDC22D7835E00A5663C /* BdbHotView.m in Sources */,
				B86F9CE122D7835E00A5663C /* BdbHomeCellGoodsView.m in Sources */,
				B86F9CF122D7835E00A5663C /* BdbUserShopCarTool.m in Sources */,
				B86F9CEE22D7835E00A5663C /* BdbAnimationRefreshHeader.m in Sources */,
				B86F9CEB22D7835E00A5663C /* ItemCustomButton.m in Sources */,
				B86F9CDB22D7835E00A5663C /* UIColor+BdbExpand.m in Sources */,
				B892C2C022D1D920004D4FCF /* BdbWKWebViewController.m in Sources */,
				B86F9CD922D7835E00A5663C /* BdbHomeHeadData.m in Sources */,
				DEE3F0742398ADC300CEF0BB /* BdbTools.m in Sources */,
				B86F9D1722D7835E00A5663C /* BaseTabBarButton.m in Sources */,
				8BAB53FC21AD80A600AC813A /* main.m in Sources */,
				B86F9D0A22D7835E00A5663C /* BdbProductsViewController.m in Sources */,
				B86F9D1522D7835E00A5663C /* BaseTabBarViewController.m in Sources */,
				B86F9CF522D7835E00A5663C /* BdbTableFootView.m in Sources */,
				B86F9D5A22DCC27700A5663C /* GYZCity.m in Sources */,
				B86F9CE622D7835E00A5663C /* BdbBuyView.m in Sources */,
				B86F9CED22D7835E00A5663C /* BdbLightningView.m in Sources */,
				B86F9CEA22D7835E00A5663C /* BdbDefaultView.m in Sources */,
				B86F9CF422D7835E00A5663C /* BdbIconImageTextView.m in Sources */,
				B86F9D1922D7835E00A5663C /* BdbBaseNavigationController.m in Sources */,
				B86F9CDA22D7835E00A5663C /* BdbScrollerPageView.m in Sources */,
				B86F9D0C22D7835E00A5663C /* BdbSupermarketSource.m in Sources */,
				B86F9CDE22D7835E00A5663C /* BdbDiscountPriceView.m in Sources */,
				B86F9D1A22D7835E00A5663C /* BdbBaseViewController.m in Sources */,
				B86F9D5722DCC27700A5663C /* GYZCityGroupCell.m in Sources */,
				B86F9D0F22D7835E00A5663C /* BdbMyHeadView.m in Sources */,
				B86F9CF222D7835E00A5663C /* NSString+Extension.m in Sources */,
				8BAB53EE21AD80A600AC813A /* AppDelegate.m in Sources */,
				B86F9CDD22D7835E00A5663C /* BdbHeadlineContentView.m in Sources */,
				B86F9CD622D7835E00A5663C /* BdbHomeViewController.m in Sources */,
				B86F9CE022D7835E00A5663C /* BdbHeadLineView.m in Sources */,
				B86F9D1822D7835E00A5663C /* BdbMainTabBarController.m in Sources */,
				B86F9D1122D7835E00A5663C /* BdbMenuView.m in Sources */,
				B86F9D0922D7835E00A5663C /* BdbFlashCell.m in Sources */,
				B86F9D5622DCC27700A5663C /* GYZChooseCityController.m in Sources */,
				B86F9CD522D7835E00A5663C /* BdbWebViewController.m in Sources */,
				B874C90622D2056B00C8BCE4 /* BdbAddressViewController.m in Sources */,
				B86F9CD722D7835E00A5663C /* BdbGoods.m in Sources */,
				B86F9CDF22D7835E00A5663C /* BdbHomeCellTitleView.m in Sources */,
			);
			runOnlyForDeploymentPostprocessing = 0;
		};
/* End PBXSourcesBuildPhase section */

/* Begin XCBuildConfiguration section */
		8BAB53FD21AD80A600AC813A /* Debug */ = {
			isa = XCBuildConfiguration;
			buildSettings = {
				ALWAYS_SEARCH_USER_PATHS = NO;
				CLANG_ANALYZER_NONNULL = YES;
				CLANG_ANALYZER_NUMBER_OBJECT_CONVERSION = YES_AGGRESSIVE;
				CLANG_CXX_LANGUAGE_STANDARD = "gnu++14";
				CLANG_CXX_LIBRARY = "libc++";
				CLANG_ENABLE_MODULES = YES;
				CLANG_ENABLE_OBJC_ARC = YES;
				CLANG_WARN_BLOCK_CAPTURE_AUTORELEASING = YES;
				CLANG_WARN_BOOL_CONVERSION = YES;
				CLANG_WARN_COMMA = YES;
				CLANG_WARN_CONSTANT_CONVERSION = YES;
				CLANG_WARN_DIRECT_OBJC_ISA_USAGE = YES_ERROR;
				CLANG_WARN_DOCUMENTATION_COMMENTS = YES;
				CLANG_WARN_EMPTY_BODY = YES;
				CLANG_WARN_ENUM_CONVERSION = YES;
				CLANG_WARN_INFINITE_RECURSION = YES;
				CLANG_WARN_INT_CONVERSION = YES;
				CLANG_WARN_NON_LITERAL_NULL_CONVERSION = YES;
				CLANG_WARN_OBJC_LITERAL_CONVERSION = YES;
				CLANG_WARN_OBJC_ROOT_CLASS = YES_ERROR;
				CLANG_WARN_RANGE_LOOP_ANALYSIS = YES;
				CLANG_WARN_STRICT_PROTOTYPES = YES;
				CLANG_WARN_SUSPICIOUS_MOVE = YES;
				CLANG_WARN_UNGUARDED_AVAILABILITY = YES_AGGRESSIVE;
				CLANG_WARN_UNREACHABLE_CODE = YES;
				CLANG_WARN__DUPLICATE_METHOD_MATCH = YES;
				CODE_SIGN_IDENTITY = "iPhone Developer";
				COPY_PHASE_STRIP = NO;
				DEBUG_INFORMATION_FORMAT = dwarf;
				ENABLE_STRICT_OBJC_MSGSEND = YES;
				ENABLE_TESTABILITY = YES;
				GCC_C_LANGUAGE_STANDARD = gnu11;
				GCC_DYNAMIC_NO_PIC = NO;
				GCC_NO_COMMON_BLOCKS = YES;
				GCC_OPTIMIZATION_LEVEL = 0;
				GCC_PREPROCESSOR_DEFINITIONS = (
					"DEBUG=1",
					"$(inherited)",
				);
				GCC_WARN_64_TO_32_BIT_CONVERSION = YES;
				GCC_WARN_ABOUT_RETURN_TYPE = YES_ERROR;
				GCC_WARN_UNDECLARED_SELECTOR = YES;
				GCC_WARN_UNINITIALIZED_AUTOS = YES_AGGRESSIVE;
				GCC_WARN_UNUSED_FUNCTION = YES;
				GCC_WARN_UNUSED_VARIABLE = YES;
				IPHONEOS_DEPLOYMENT_TARGET = 11.0;
				MTL_ENABLE_DEBUG_INFO = YES;
				ONLY_ACTIVE_ARCH = YES;
				SDKROOT = iphoneos;
			};
			name = Debug;
		};
		8BAB53FE21AD80A600AC813A /* Release */ = {
			isa = XCBuildConfiguration;
			buildSettings = {
				ALWAYS_SEARCH_USER_PATHS = NO;
				CLANG_ANALYZER_NONNULL = YES;
				CLANG_ANALYZER_NUMBER_OBJECT_CONVERSION = YES_AGGRESSIVE;
				CLANG_CXX_LANGUAGE_STANDARD = "gnu++14";
				CLANG_CXX_LIBRARY = "libc++";
				CLANG_ENABLE_MODULES = YES;
				CLANG_ENABLE_OBJC_ARC = YES;
				CLANG_WARN_BLOCK_CAPTURE_AUTORELEASING = YES;
				CLANG_WARN_BOOL_CONVERSION = YES;
				CLANG_WARN_COMMA = YES;
				CLANG_WARN_CONSTANT_CONVERSION = YES;
				CLANG_WARN_DIRECT_OBJC_ISA_USAGE = YES_ERROR;
				CLANG_WARN_DOCUMENTATION_COMMENTS = YES;
				CLANG_WARN_EMPTY_BODY = YES;
				CLANG_WARN_ENUM_CONVERSION = YES;
				CLANG_WARN_INFINITE_RECURSION = YES;
				CLANG_WARN_INT_CONVERSION = YES;
				CLANG_WARN_NON_LITERAL_NULL_CONVERSION = YES;
				CLANG_WARN_OBJC_LITERAL_CONVERSION = YES;
				CLANG_WARN_OBJC_ROOT_CLASS = YES_ERROR;
				CLANG_WARN_RANGE_LOOP_ANALYSIS = YES;
				CLANG_WARN_STRICT_PROTOTYPES = YES;
				CLANG_WARN_SUSPICIOUS_MOVE = YES;
				CLANG_WARN_UNGUARDED_AVAILABILITY = YES_AGGRESSIVE;
				CLANG_WARN_UNREACHABLE_CODE = YES;
				CLANG_WARN__DUPLICATE_METHOD_MATCH = YES;
				CODE_SIGN_IDENTITY = "iPhone Developer";
				COPY_PHASE_STRIP = NO;
				DEBUG_INFORMATION_FORMAT = "dwarf-with-dsym";
				ENABLE_NS_ASSERTIONS = NO;
				ENABLE_STRICT_OBJC_MSGSEND = YES;
				GCC_C_LANGUAGE_STANDARD = gnu11;
				GCC_NO_COMMON_BLOCKS = YES;
				GCC_WARN_64_TO_32_BIT_CONVERSION = YES;
				GCC_WARN_ABOUT_RETURN_TYPE = YES_ERROR;
				GCC_WARN_UNDECLARED_SELECTOR = YES;
				GCC_WARN_UNINITIALIZED_AUTOS = YES_AGGRESSIVE;
				GCC_WARN_UNUSED_FUNCTION = YES;
				GCC_WARN_UNUSED_VARIABLE = YES;
				IPHONEOS_DEPLOYMENT_TARGET = 11.0;
				MTL_ENABLE_DEBUG_INFO = NO;
				SDKROOT = iphoneos;
				VALIDATE_PRODUCT = YES;
			};
			name = Release;
		};
		8BAB540021AD80A600AC813A /* Debug */ = {
			isa = XCBuildConfiguration;
			baseConfigurationReference = C31BAE3BEED2332AE27AF488 /* Pods-Bdbbuy.debug.xcconfig */;
			buildSettings = {
				ASSETCATALOG_COMPILER_APPICON_NAME = AppIcon;
				CODE_SIGN_ENTITLEMENTS = Bdbbuy/Bdbbuy.entitlements;
				CODE_SIGN_STYLE = Automatic;
				DEVELOPMENT_TEAM = 73N7L3S6HT;
				GCC_PREFIX_HEADER = Bdbbuy/Global.h;
				INFOPLIST_FILE = Bdbbuy/Info.plist;
				IPHONEOS_DEPLOYMENT_TARGET = 10.0;
				LD_RUNPATH_SEARCH_PATHS = "$(inherited) @executable_path/Frameworks";
				MARKETING_VERSION = 1.6.6;
				PRODUCT_BUNDLE_IDENTIFIER = com.bdbbuy.bdbbuy;
				PRODUCT_NAME = "$(TARGET_NAME)";
				TARGETED_DEVICE_FAMILY = "1,2";
			};
			name = Debug;
		};
		8BAB540121AD80A600AC813A /* Release */ = {
			isa = XCBuildConfiguration;
			baseConfigurationReference = 32081EAB9A5A5C291602C2E4 /* Pods-Bdbbuy.release.xcconfig */;
			buildSettings = {
				ASSETCATALOG_COMPILER_APPICON_NAME = AppIcon;
				CODE_SIGN_ENTITLEMENTS = Bdbbuy/Bdbbuy.entitlements;
				CODE_SIGN_STYLE = Automatic;
				DEVELOPMENT_TEAM = 73N7L3S6HT;
				GCC_PREFIX_HEADER = Bdbbuy/Global.h;
				INFOPLIST_FILE = Bdbbuy/Info.plist;
				IPHONEOS_DEPLOYMENT_TARGET = 10.0;
				LD_RUNPATH_SEARCH_PATHS = "$(inherited) @executable_path/Frameworks";
				MARKETING_VERSION = 1.6.6;
				PRODUCT_BUNDLE_IDENTIFIER = com.bdbbuy.bdbbuy;
				PRODUCT_NAME = "$(TARGET_NAME)";
				TARGETED_DEVICE_FAMILY = "1,2";
			};
			name = Release;
		};
/* End XCBuildConfiguration section */

/* Begin XCConfigurationList section */
		8BAB53E421AD80A600AC813A /* Build configuration list for PBXProject "Bdbbuy" */ = {
			isa = XCConfigurationList;
			buildConfigurations = (
				8BAB53FD21AD80A600AC813A /* Debug */,
				8BAB53FE21AD80A600AC813A /* Release */,
			);
			defaultConfigurationIsVisible = 0;
			defaultConfigurationName = Release;
		};
		8BAB53FF21AD80A600AC813A /* Build configuration list for PBXNativeTarget "Bdbbuy" */ = {
			isa = XCConfigurationList;
			buildConfigurations = (
				8BAB540021AD80A600AC813A /* Debug */,
				8BAB540121AD80A600AC813A /* Release */,
			);
			defaultConfigurationIsVisible = 0;
			defaultConfigurationName = Release;
		};
/* End XCConfigurationList section */
	};
	rootObject = 8BAB53E121AD80A600AC813A /* Project object */;
}
