// !$*UTF8*$!
{
	archiveVersion = 1;
	classes = {
	};
	objectVersion = 48;
	objects = {

/* Begin PBXBuildFile section */
		8B2019AF21AE0CAD002F95FD /* AFNetworking.framework in Frameworks */ = {isa = PBXBuildFile; fileRef = 8B2019B121AE0CAD002F95FD /* AFNetworking.framework */; };
		8B2019B021AE0CAD002F95FD /* SDWebImage.framework in Frameworks */ = {isa = PBXBuildFile; fileRef = 8B2019B221AE0CAD002F95FD /* SDWebImage.framework */; };
		8B2019BB21AE130C002F95FD /* BaseViewController.m in Sources */ = {isa = PBXBuildFile; fileRef = 8B2019BA21AE130C002F95FD /* BaseViewController.m */; };
		8BAB53EE21AD80A600AC813A /* AppDelegate.m in Sources */ = {isa = PBXBuildFile; fileRef = 8BAB53ED21AD80A600AC813A /* AppDelegate.m */; };
		8BAB53F621AD80A600AC813A /* Assets.xcassets in Resources */ = {isa = PBXBuildFile; fileRef = 8BAB53F521AD80A600AC813A /* Assets.xcassets */; };
		8BAB53F921AD80A600AC813A /* LaunchScreen.storyboard in Resources */ = {isa = PBXBuildFile; fileRef = 8BAB53F721AD80A600AC813A /* LaunchScreen.storyboard */; };
		8BAB53FC21AD80A600AC813A /* main.m in Sources */ = {isa = PBXBuildFile; fileRef = 8BAB53FB21AD80A600AC813A /* main.m */; };
		DE3350C221B0CA1900AED4F4 /* BdbTabBarViewController.m in Sources */ = {isa = PBXBuildFile; fileRef = DE3350C121B0CA1900AED4F4 /* BdbTabBarViewController.m */; };
		DE3350C521B0CA8400AED4F4 /* BdbWebViewController.m in Sources */ = {isa = PBXBuildFile; fileRef = DE3350C421B0CA8400AED4F4 /* BdbWebViewController.m */; };
		DE3350D321B0CFF500AED4F4 /* user_highlight@3x.png in Resources */ = {isa = PBXBuildFile; fileRef = DE3350C721B0CFF400AED4F4 /* user_highlight@3x.png */; };
		DE3350D421B0CFF500AED4F4 /* home_highlight@3x.png in Resources */ = {isa = PBXBuildFile; fileRef = DE3350C821B0CFF400AED4F4 /* home_highlight@3x.png */; };
		DE3350D521B0CFF500AED4F4 /* category@3x.png in Resources */ = {isa = PBXBuildFile; fileRef = DE3350C921B0CFF400AED4F4 /* category@3x.png */; };
		DE3350D621B0CFF500AED4F4 /* cart@3x.png in Resources */ = {isa = PBXBuildFile; fileRef = DE3350CA21B0CFF400AED4F4 /* cart@3x.png */; };
		DE3350D721B0CFF500AED4F4 /* banner2.png in Resources */ = {isa = PBXBuildFile; fileRef = DE3350CB21B0CFF400AED4F4 /* banner2.png */; };
		DE3350D821B0CFF500AED4F4 /* banner3.png in Resources */ = {isa = PBXBuildFile; fileRef = DE3350CC21B0CFF400AED4F4 /* banner3.png */; };
		DE3350D921B0CFF500AED4F4 /* banner1.png in Resources */ = {isa = PBXBuildFile; fileRef = DE3350CD21B0CFF400AED4F4 /* banner1.png */; };
		DE3350DA21B0CFF500AED4F4 /* home@3x.png in Resources */ = {isa = PBXBuildFile; fileRef = DE3350CE21B0CFF400AED4F4 /* home@3x.png */; };
		DE3350DB21B0CFF500AED4F4 /* banner4.png in Resources */ = {isa = PBXBuildFile; fileRef = DE3350CF21B0CFF400AED4F4 /* banner4.png */; };
		DE3350DC21B0CFF500AED4F4 /* user@3x.png in Resources */ = {isa = PBXBuildFile; fileRef = DE3350D021B0CFF400AED4F4 /* user@3x.png */; };
		DE3350DD21B0CFF500AED4F4 /* cart_highlight@3x.png in Resources */ = {isa = PBXBuildFile; fileRef = DE3350D121B0CFF400AED4F4 /* cart_highlight@3x.png */; };
		DE3350DE21B0CFF500AED4F4 /* category_highlight@3x.png in Resources */ = {isa = PBXBuildFile; fileRef = DE3350D221B0CFF400AED4F4 /* category_highlight@3x.png */; };
		F52E6EB81EF9151EAA831135 /* Pods_Bdbbuy.framework in Frameworks */ = {isa = PBXBuildFile; fileRef = 798CC941E14010EC0892DF4A /* Pods_Bdbbuy.framework */; };
		FC54EF4B21B107E400BB78AE /* BdbNetwork.m in Sources */ = {isa = PBXBuildFile; fileRef = FC54EF4A21B107E400BB78AE /* BdbNetwork.m */; };
		FC54EF5121B1718500BB78AE /* HomeDataProvider.m in Sources */ = {isa = PBXBuildFile; fileRef = FC54EF5021B1718500BB78AE /* HomeDataProvider.m */; };
		FC54EF5621B26A2B00BB78AE /* BdbTableViewController.m in Sources */ = {isa = PBXBuildFile; fileRef = FC54EF5521B26A2B00BB78AE /* BdbTableViewController.m */; };
		FC54EF5D21B26AF000BB78AE /* BdbTableView.m in Sources */ = {isa = PBXBuildFile; fileRef = FC54EF5C21B26AF000BB78AE /* BdbTableView.m */; };
		FC54EF6321B271FB00BB78AE /* UIDevice+BdbHelper.m in Sources */ = {isa = PBXBuildFile; fileRef = FC54EF6221B271FB00BB78AE /* UIDevice+BdbHelper.m */; };
		FC54EF6921B2808F00BB78AE /* BdbCardListTableViewController.m in Sources */ = {isa = PBXBuildFile; fileRef = FC54EF6821B2808F00BB78AE /* BdbCardListTableViewController.m */; };
		FC54EF6D21B284BF00BB78AE /* BdbCard.m in Sources */ = {isa = PBXBuildFile; fileRef = FC54EF6C21B284BF00BB78AE /* BdbCard.m */; };
		FC54EF7021B2866900BB78AE /* HomePageTableViewController.m in Sources */ = {isa = PBXBuildFile; fileRef = FC54EF6F21B2866900BB78AE /* HomePageTableViewController.m */; };
		FC54EF7421B2873300BB78AE /* BdbTableViewCell.m in Sources */ = {isa = PBXBuildFile; fileRef = FC54EF7321B2873300BB78AE /* BdbTableViewCell.m */; };
		FC54EF7721B287A400BB78AE /* HomeGoodsCell.m in Sources */ = {isa = PBXBuildFile; fileRef = FC54EF7621B287A400BB78AE /* HomeGoodsCell.m */; };
		FC84FD6221B39D3F00D46A4E /* HomeSearchView.m in Sources */ = {isa = PBXBuildFile; fileRef = FC84FD6121B39D3F00D46A4E /* HomeSearchView.m */; };
		FC84FD6821B3ADB800D46A4E /* UIView+Layout.m in Sources */ = {isa = PBXBuildFile; fileRef = FC84FD6721B3ADB800D46A4E /* UIView+Layout.m */; };
/* End PBXBuildFile section */

/* Begin PBXFileReference section */
		32081EAB9A5A5C291602C2E4 /* Pods-Bdbbuy.release.xcconfig */ = {isa = PBXFileReference; includeInIndex = 1; lastKnownFileType = text.xcconfig; name = "Pods-Bdbbuy.release.xcconfig"; path = "Pods/Target Support Files/Pods-Bdbbuy/Pods-Bdbbuy.release.xcconfig"; sourceTree = "<group>"; };
		798CC941E14010EC0892DF4A /* Pods_Bdbbuy.framework */ = {isa = PBXFileReference; explicitFileType = wrapper.framework; includeInIndex = 0; path = Pods_Bdbbuy.framework; sourceTree = BUILT_PRODUCTS_DIR; };
		8B2019B121AE0CAD002F95FD /* AFNetworking.framework */ = {isa = PBXFileReference; explicitFileType = wrapper.framework; path = AFNetworking.framework; sourceTree = BUILT_PRODUCTS_DIR; };
		8B2019B221AE0CAD002F95FD /* SDWebImage.framework */ = {isa = PBXFileReference; explicitFileType = wrapper.framework; path = SDWebImage.framework; sourceTree = BUILT_PRODUCTS_DIR; };
		8B2019B921AE130C002F95FD /* BaseViewController.h */ = {isa = PBXFileReference; lastKnownFileType = sourcecode.c.h; path = BaseViewController.h; sourceTree = "<group>"; };
		8B2019BA21AE130C002F95FD /* BaseViewController.m */ = {isa = PBXFileReference; lastKnownFileType = sourcecode.c.objc; path = BaseViewController.m; sourceTree = "<group>"; };
		8BAB53E921AD80A600AC813A /* Bdbbuy.app */ = {isa = PBXFileReference; explicitFileType = wrapper.application; includeInIndex = 0; path = Bdbbuy.app; sourceTree = BUILT_PRODUCTS_DIR; };
		8BAB53EC21AD80A600AC813A /* AppDelegate.h */ = {isa = PBXFileReference; lastKnownFileType = sourcecode.c.h; path = AppDelegate.h; sourceTree = "<group>"; };
		8BAB53ED21AD80A600AC813A /* AppDelegate.m */ = {isa = PBXFileReference; lastKnownFileType = sourcecode.c.objc; path = AppDelegate.m; sourceTree = "<group>"; };
		8BAB53F521AD80A600AC813A /* Assets.xcassets */ = {isa = PBXFileReference; lastKnownFileType = folder.assetcatalog; path = Assets.xcassets; sourceTree = "<group>"; };
		8BAB53F821AD80A600AC813A /* Base */ = {isa = PBXFileReference; lastKnownFileType = file.storyboard; name = Base; path = Base.lproj/LaunchScreen.storyboard; sourceTree = "<group>"; };
		8BAB53FA21AD80A600AC813A /* Info.plist */ = {isa = PBXFileReference; lastKnownFileType = text.plist.xml; path = Info.plist; sourceTree = "<group>"; };
		8BAB53FB21AD80A600AC813A /* main.m */ = {isa = PBXFileReference; lastKnownFileType = sourcecode.c.objc; path = main.m; sourceTree = "<group>"; };
		C31BAE3BEED2332AE27AF488 /* Pods-Bdbbuy.debug.xcconfig */ = {isa = PBXFileReference; includeInIndex = 1; lastKnownFileType = text.xcconfig; name = "Pods-Bdbbuy.debug.xcconfig"; path = "Pods/Target Support Files/Pods-Bdbbuy/Pods-Bdbbuy.debug.xcconfig"; sourceTree = "<group>"; };
		DE3350C021B0CA1900AED4F4 /* BdbTabBarViewController.h */ = {isa = PBXFileReference; lastKnownFileType = sourcecode.c.h; path = BdbTabBarViewController.h; sourceTree = "<group>"; };
		DE3350C121B0CA1900AED4F4 /* BdbTabBarViewController.m */ = {isa = PBXFileReference; lastKnownFileType = sourcecode.c.objc; path = BdbTabBarViewController.m; sourceTree = "<group>"; };
		DE3350C321B0CA8400AED4F4 /* BdbWebViewController.h */ = {isa = PBXFileReference; lastKnownFileType = sourcecode.c.h; path = BdbWebViewController.h; sourceTree = "<group>"; };
		DE3350C421B0CA8400AED4F4 /* BdbWebViewController.m */ = {isa = PBXFileReference; lastKnownFileType = sourcecode.c.objc; path = BdbWebViewController.m; sourceTree = "<group>"; };
		DE3350C721B0CFF400AED4F4 /* user_highlight@3x.png */ = {isa = PBXFileReference; lastKnownFileType = image.png; path = "user_highlight@3x.png"; sourceTree = "<group>"; };
		DE3350C821B0CFF400AED4F4 /* home_highlight@3x.png */ = {isa = PBXFileReference; lastKnownFileType = image.png; path = "home_highlight@3x.png"; sourceTree = "<group>"; };
		DE3350C921B0CFF400AED4F4 /* category@3x.png */ = {isa = PBXFileReference; lastKnownFileType = image.png; path = "category@3x.png"; sourceTree = "<group>"; };
		DE3350CA21B0CFF400AED4F4 /* cart@3x.png */ = {isa = PBXFileReference; lastKnownFileType = image.png; path = "cart@3x.png"; sourceTree = "<group>"; };
		DE3350CB21B0CFF400AED4F4 /* banner2.png */ = {isa = PBXFileReference; lastKnownFileType = image.png; path = banner2.png; sourceTree = "<group>"; };
		DE3350CC21B0CFF400AED4F4 /* banner3.png */ = {isa = PBXFileReference; lastKnownFileType = image.png; path = banner3.png; sourceTree = "<group>"; };
		DE3350CD21B0CFF400AED4F4 /* banner1.png */ = {isa = PBXFileReference; lastKnownFileType = image.png; path = banner1.png; sourceTree = "<group>"; };
		DE3350CE21B0CFF400AED4F4 /* home@3x.png */ = {isa = PBXFileReference; lastKnownFileType = image.png; path = "home@3x.png"; sourceTree = "<group>"; };
		DE3350CF21B0CFF400AED4F4 /* banner4.png */ = {isa = PBXFileReference; lastKnownFileType = image.png; path = banner4.png; sourceTree = "<group>"; };
		DE3350D021B0CFF400AED4F4 /* user@3x.png */ = {isa = PBXFileReference; lastKnownFileType = image.png; path = "user@3x.png"; sourceTree = "<group>"; };
		DE3350D121B0CFF400AED4F4 /* cart_highlight@3x.png */ = {isa = PBXFileReference; lastKnownFileType = image.png; path = "cart_highlight@3x.png"; sourceTree = "<group>"; };
		DE3350D221B0CFF400AED4F4 /* category_highlight@3x.png */ = {isa = PBXFileReference; lastKnownFileType = image.png; path = "category_highlight@3x.png"; sourceTree = "<group>"; };
		FC54EF4921B107E400BB78AE /* BdbNetwork.h */ = {isa = PBXFileReference; lastKnownFileType = sourcecode.c.h; path = BdbNetwork.h; sourceTree = "<group>"; };
		FC54EF4A21B107E400BB78AE /* BdbNetwork.m */ = {isa = PBXFileReference; lastKnownFileType = sourcecode.c.objc; path = BdbNetwork.m; sourceTree = "<group>"; };
		FC54EF4F21B1718500BB78AE /* HomeDataProvider.h */ = {isa = PBXFileReference; lastKnownFileType = sourcecode.c.h; path = HomeDataProvider.h; sourceTree = "<group>"; };
		FC54EF5021B1718500BB78AE /* HomeDataProvider.m */ = {isa = PBXFileReference; lastKnownFileType = sourcecode.c.objc; path = HomeDataProvider.m; sourceTree = "<group>"; };
		FC54EF5421B26A2B00BB78AE /* BdbTableViewController.h */ = {isa = PBXFileReference; lastKnownFileType = sourcecode.c.h; path = BdbTableViewController.h; sourceTree = "<group>"; };
		FC54EF5521B26A2B00BB78AE /* BdbTableViewController.m */ = {isa = PBXFileReference; lastKnownFileType = sourcecode.c.objc; path = BdbTableViewController.m; sourceTree = "<group>"; };
		FC54EF5B21B26AF000BB78AE /* BdbTableView.h */ = {isa = PBXFileReference; lastKnownFileType = sourcecode.c.h; path = BdbTableView.h; sourceTree = "<group>"; };
		FC54EF5C21B26AF000BB78AE /* BdbTableView.m */ = {isa = PBXFileReference; lastKnownFileType = sourcecode.c.objc; path = BdbTableView.m; sourceTree = "<group>"; };
		FC54EF5F21B270FE00BB78AE /* CommonDefine.h */ = {isa = PBXFileReference; lastKnownFileType = sourcecode.c.h; path = CommonDefine.h; sourceTree = "<group>"; };
		FC54EF6121B271FB00BB78AE /* UIDevice+BdbHelper.h */ = {isa = PBXFileReference; lastKnownFileType = sourcecode.c.h; path = "UIDevice+BdbHelper.h"; sourceTree = "<group>"; };
		FC54EF6221B271FB00BB78AE /* UIDevice+BdbHelper.m */ = {isa = PBXFileReference; lastKnownFileType = sourcecode.c.objc; path = "UIDevice+BdbHelper.m"; sourceTree = "<group>"; };
		FC54EF6721B2808F00BB78AE /* BdbCardListTableViewController.h */ = {isa = PBXFileReference; lastKnownFileType = sourcecode.c.h; path = BdbCardListTableViewController.h; sourceTree = "<group>"; };
		FC54EF6821B2808F00BB78AE /* BdbCardListTableViewController.m */ = {isa = PBXFileReference; lastKnownFileType = sourcecode.c.objc; path = BdbCardListTableViewController.m; sourceTree = "<group>"; };
		FC54EF6B21B284BF00BB78AE /* BdbCard.h */ = {isa = PBXFileReference; lastKnownFileType = sourcecode.c.h; path = BdbCard.h; sourceTree = "<group>"; };
		FC54EF6C21B284BF00BB78AE /* BdbCard.m */ = {isa = PBXFileReference; lastKnownFileType = sourcecode.c.objc; path = BdbCard.m; sourceTree = "<group>"; };
		FC54EF6E21B2866900BB78AE /* HomePageTableViewController.h */ = {isa = PBXFileReference; lastKnownFileType = sourcecode.c.h; path = HomePageTableViewController.h; sourceTree = "<group>"; };
		FC54EF6F21B2866900BB78AE /* HomePageTableViewController.m */ = {isa = PBXFileReference; lastKnownFileType = sourcecode.c.objc; path = HomePageTableViewController.m; sourceTree = "<group>"; };
		FC54EF7221B2873300BB78AE /* BdbTableViewCell.h */ = {isa = PBXFileReference; lastKnownFileType = sourcecode.c.h; path = BdbTableViewCell.h; sourceTree = "<group>"; };
		FC54EF7321B2873300BB78AE /* BdbTableViewCell.m */ = {isa = PBXFileReference; lastKnownFileType = sourcecode.c.objc; path = BdbTableViewCell.m; sourceTree = "<group>"; };
		FC54EF7521B287A400BB78AE /* HomeGoodsCell.h */ = {isa = PBXFileReference; lastKnownFileType = sourcecode.c.h; path = HomeGoodsCell.h; sourceTree = "<group>"; };
		FC54EF7621B287A400BB78AE /* HomeGoodsCell.m */ = {isa = PBXFileReference; lastKnownFileType = sourcecode.c.objc; path = HomeGoodsCell.m; sourceTree = "<group>"; };
		FC84FD6021B39D3F00D46A4E /* HomeSearchView.h */ = {isa = PBXFileReference; lastKnownFileType = sourcecode.c.h; path = HomeSearchView.h; sourceTree = "<group>"; };
		FC84FD6121B39D3F00D46A4E /* HomeSearchView.m */ = {isa = PBXFileReference; lastKnownFileType = sourcecode.c.objc; path = HomeSearchView.m; sourceTree = "<group>"; };
		FC84FD6621B3ADB800D46A4E /* UIView+Layout.h */ = {isa = PBXFileReference; lastKnownFileType = sourcecode.c.h; path = "UIView+Layout.h"; sourceTree = "<group>"; };
		FC84FD6721B3ADB800D46A4E /* UIView+Layout.m */ = {isa = PBXFileReference; lastKnownFileType = sourcecode.c.objc; path = "UIView+Layout.m"; sourceTree = "<group>"; };
		FC84FD6921B3B1E300D46A4E /* Global.h */ = {isa = PBXFileReference; lastKnownFileType = sourcecode.c.h; path = Global.h; sourceTree = "<group>"; };
/* End PBXFileReference section */

/* Begin PBXFrameworksBuildPhase section */
		8BAB53E621AD80A600AC813A /* Frameworks */ = {
			isa = PBXFrameworksBuildPhase;
			buildActionMask = 2147483647;
			files = (
				8B2019AF21AE0CAD002F95FD /* AFNetworking.framework in Frameworks */,
				8B2019B021AE0CAD002F95FD /* SDWebImage.framework in Frameworks */,
				F52E6EB81EF9151EAA831135 /* Pods_Bdbbuy.framework in Frameworks */,
			);
			runOnlyForDeploymentPostprocessing = 0;
		};
/* End PBXFrameworksBuildPhase section */

/* Begin PBXGroup section */
		13491E86E8948C6F2CFE2E26 /* Frameworks */ = {
			isa = PBXGroup;
			children = (
				8B2019B121AE0CAD002F95FD /* AFNetworking.framework */,
				8B2019B221AE0CAD002F95FD /* SDWebImage.framework */,
				798CC941E14010EC0892DF4A /* Pods_Bdbbuy.framework */,
			);
			name = Frameworks;
			sourceTree = "<group>";
		};
		8B2019B521AE1203002F95FD /* HomePage */ = {
			isa = PBXGroup;
			children = (
				FC54EF7121B2870200BB78AE /* View */,
				FC54EF4E21B170FA00BB78AE /* DataManager */,
				8B2019B621AE12B2002F95FD /* Controller */,
			);
			path = HomePage;
			sourceTree = "<group>";
		};
		8B2019B621AE12B2002F95FD /* Controller */ = {
			isa = PBXGroup;
			children = (
				FC54EF6E21B2866900BB78AE /* HomePageTableViewController.h */,
				FC54EF6F21B2866900BB78AE /* HomePageTableViewController.m */,
			);
			path = Controller;
			sourceTree = "<group>";
		};
		8B2019B721AE12EB002F95FD /* Base */ = {
			isa = PBXGroup;
			children = (
				FC54EF6A21B284B500BB78AE /* Model */,
				FC54EF5721B26AB300BB78AE /* View */,
				8B2019B821AE12F7002F95FD /* Controller */,
			);
			path = Base;
			sourceTree = "<group>";
		};
		8B2019B821AE12F7002F95FD /* Controller */ = {
			isa = PBXGroup;
			children = (
				8B2019B921AE130C002F95FD /* BaseViewController.h */,
				8B2019BA21AE130C002F95FD /* BaseViewController.m */,
				DE3350C321B0CA8400AED4F4 /* BdbWebViewController.h */,
				DE3350C421B0CA8400AED4F4 /* BdbWebViewController.m */,
				FC54EF5421B26A2B00BB78AE /* BdbTableViewController.h */,
				FC54EF5521B26A2B00BB78AE /* BdbTableViewController.m */,
				FC54EF6721B2808F00BB78AE /* BdbCardListTableViewController.h */,
				FC54EF6821B2808F00BB78AE /* BdbCardListTableViewController.m */,
			);
			path = Controller;
			sourceTree = "<group>";
		};
		8BAB53E021AD80A600AC813A = {
			isa = PBXGroup;
			children = (
				8BAB53EB21AD80A600AC813A /* Bdbbuy */,
				8BAB53EA21AD80A600AC813A /* Products */,
				EBDD46BE180ABAFBDE09883C /* Pods */,
				13491E86E8948C6F2CFE2E26 /* Frameworks */,
			);
			sourceTree = "<group>";
		};
		8BAB53EA21AD80A600AC813A /* Products */ = {
			isa = PBXGroup;
			children = (
				8BAB53E921AD80A600AC813A /* Bdbbuy.app */,
			);
			name = Products;
			sourceTree = "<group>";
		};
		8BAB53EB21AD80A600AC813A /* Bdbbuy */ = {
			isa = PBXGroup;
			children = (
				FC84FD6921B3B1E300D46A4E /* Global.h */,
				FC54EF5E21B270ED00BB78AE /* Common */,
				FC54EF4D21B10BDB00BB78AE /* SupportFile */,
				FC54EF4821B107CB00BB78AE /* Network */,
				DE3350BF21B0C9B500AED4F4 /* Tabbar */,
				8B2019B721AE12EB002F95FD /* Base */,
				8B2019B521AE1203002F95FD /* HomePage */,
				8BAB53FB21AD80A600AC813A /* main.m */,
			);
			path = Bdbbuy;
			sourceTree = "<group>";
		};
		DE3350BF21B0C9B500AED4F4 /* Tabbar */ = {
			isa = PBXGroup;
			children = (
				DE3350C021B0CA1900AED4F4 /* BdbTabBarViewController.h */,
				DE3350C121B0CA1900AED4F4 /* BdbTabBarViewController.m */,
			);
			path = Tabbar;
			sourceTree = "<group>";
		};
		DE3350C621B0CFF400AED4F4 /* resources */ = {
			isa = PBXGroup;
			children = (
				DE3350C721B0CFF400AED4F4 /* user_highlight@3x.png */,
				DE3350C821B0CFF400AED4F4 /* home_highlight@3x.png */,
				DE3350C921B0CFF400AED4F4 /* category@3x.png */,
				DE3350CA21B0CFF400AED4F4 /* cart@3x.png */,
				DE3350CB21B0CFF400AED4F4 /* banner2.png */,
				DE3350CC21B0CFF400AED4F4 /* banner3.png */,
				DE3350CD21B0CFF400AED4F4 /* banner1.png */,
				DE3350CE21B0CFF400AED4F4 /* home@3x.png */,
				DE3350CF21B0CFF400AED4F4 /* banner4.png */,
				DE3350D021B0CFF400AED4F4 /* user@3x.png */,
				DE3350D121B0CFF400AED4F4 /* cart_highlight@3x.png */,
				DE3350D221B0CFF400AED4F4 /* category_highlight@3x.png */,
			);
			path = resources;
			sourceTree = "<group>";
		};
		EBDD46BE180ABAFBDE09883C /* Pods */ = {
			isa = PBXGroup;
			children = (
				C31BAE3BEED2332AE27AF488 /* Pods-Bdbbuy.debug.xcconfig */,
				32081EAB9A5A5C291602C2E4 /* Pods-Bdbbuy.release.xcconfig */,
			);
			name = Pods;
			sourceTree = "<group>";
		};
		FC54EF4821B107CB00BB78AE /* Network */ = {
			isa = PBXGroup;
			children = (
				FC54EF4921B107E400BB78AE /* BdbNetwork.h */,
				FC54EF4A21B107E400BB78AE /* BdbNetwork.m */,
			);
			path = Network;
			sourceTree = "<group>";
		};
		FC54EF4D21B10BDB00BB78AE /* SupportFile */ = {
			isa = PBXGroup;
			children = (
				DE3350C621B0CFF400AED4F4 /* resources */,
				8BAB53EC21AD80A600AC813A /* AppDelegate.h */,
				8BAB53ED21AD80A600AC813A /* AppDelegate.m */,
				8BAB53F521AD80A600AC813A /* Assets.xcassets */,
				8BAB53F721AD80A600AC813A /* LaunchScreen.storyboard */,
				8BAB53FA21AD80A600AC813A /* Info.plist */,
			);
			name = SupportFile;
			sourceTree = "<group>";
		};
		FC54EF4E21B170FA00BB78AE /* DataManager */ = {
			isa = PBXGroup;
			children = (
				FC54EF4F21B1718500BB78AE /* HomeDataProvider.h */,
				FC54EF5021B1718500BB78AE /* HomeDataProvider.m */,
			);
			path = DataManager;
			sourceTree = "<group>";
		};
		FC54EF5721B26AB300BB78AE /* View */ = {
			isa = PBXGroup;
			children = (
				FC54EF5B21B26AF000BB78AE /* BdbTableView.h */,
				FC54EF5C21B26AF000BB78AE /* BdbTableView.m */,
				FC54EF7221B2873300BB78AE /* BdbTableViewCell.h */,
				FC54EF7321B2873300BB78AE /* BdbTableViewCell.m */,
			);
			path = View;
			sourceTree = "<group>";
		};
		FC54EF5E21B270ED00BB78AE /* Common */ = {
			isa = PBXGroup;
			children = (
				FC54EF6021B271D700BB78AE /* Catogery */,
				FC54EF5F21B270FE00BB78AE /* CommonDefine.h */,
			);
			path = Common;
			sourceTree = "<group>";
		};
		FC54EF6021B271D700BB78AE /* Catogery */ = {
			isa = PBXGroup;
			children = (
				FC54EF6121B271FB00BB78AE /* UIDevice+BdbHelper.h */,
				FC54EF6221B271FB00BB78AE /* UIDevice+BdbHelper.m */,
				FC84FD6621B3ADB800D46A4E /* UIView+Layout.h */,
				FC84FD6721B3ADB800D46A4E /* UIView+Layout.m */,
			);
			path = Catogery;
			sourceTree = "<group>";
		};
		FC54EF6A21B284B500BB78AE /* Model */ = {
			isa = PBXGroup;
			children = (
				FC54EF6B21B284BF00BB78AE /* BdbCard.h */,
				FC54EF6C21B284BF00BB78AE /* BdbCard.m */,
			);
			path = Model;
			sourceTree = "<group>";
		};
		FC54EF7121B2870200BB78AE /* View */ = {
			isa = PBXGroup;
			children = (
				FC54EF7521B287A400BB78AE /* HomeGoodsCell.h */,
				FC54EF7621B287A400BB78AE /* HomeGoodsCell.m */,
				FC84FD6021B39D3F00D46A4E /* HomeSearchView.h */,
				FC84FD6121B39D3F00D46A4E /* HomeSearchView.m */,
			);
			path = View;
			sourceTree = "<group>";
		};
/* End PBXGroup section */

/* Begin PBXNativeTarget section */
		8BAB53E821AD80A600AC813A /* Bdbbuy */ = {
			isa = PBXNativeTarget;
			buildConfigurationList = 8BAB53FF21AD80A600AC813A /* Build configuration list for PBXNativeTarget "Bdbbuy" */;
			buildPhases = (
				B1964EE22667891CAB3EA481 /* [CP] Check Pods Manifest.lock */,
				8BAB53E521AD80A600AC813A /* Sources */,
				8BAB53E621AD80A600AC813A /* Frameworks */,
				8BAB53E721AD80A600AC813A /* Resources */,
				B89321567838C8E57EBC208D /* [CP] Embed Pods Frameworks */,
				1AB3C7E86D8D72A057721FC2 /* [CP] Copy Pods Resources */,
			);
			buildRules = (
			);
			dependencies = (
			);
			name = Bdbbuy;
			productName = Bdbbuy;
			productReference = 8BAB53E921AD80A600AC813A /* Bdbbuy.app */;
			productType = "com.apple.product-type.application";
		};
/* End PBXNativeTarget section */

/* Begin PBXProject section */
		8BAB53E121AD80A600AC813A /* Project object */ = {
			isa = PBXProject;
			attributes = {
				LastUpgradeCheck = 0900;
				ORGANIZATIONNAME = bdbbuy;
				TargetAttributes = {
					8BAB53E821AD80A600AC813A = {
						CreatedOnToolsVersion = 9.0;
						ProvisioningStyle = Automatic;
					};
				};
			};
			buildConfigurationList = 8BAB53E421AD80A600AC813A /* Build configuration list for PBXProject "Bdbbuy" */;
			compatibilityVersion = "Xcode 8.0";
			developmentRegion = en;
			hasScannedForEncodings = 0;
			knownRegions = (
				en,
				Base,
			);
			mainGroup = 8BAB53E021AD80A600AC813A;
			productRefGroup = 8BAB53EA21AD80A600AC813A /* Products */;
			projectDirPath = "";
			projectRoot = "";
			targets = (
				8BAB53E821AD80A600AC813A /* Bdbbuy */,
			);
		};
/* End PBXProject section */

/* Begin PBXResourcesBuildPhase section */
		8BAB53E721AD80A600AC813A /* Resources */ = {
			isa = PBXResourcesBuildPhase;
			buildActionMask = 2147483647;
			files = (
				DE3350DE21B0CFF500AED4F4 /* category_highlight@3x.png in Resources */,
				DE3350DD21B0CFF500AED4F4 /* cart_highlight@3x.png in Resources */,
				DE3350D321B0CFF500AED4F4 /* user_highlight@3x.png in Resources */,
				DE3350D421B0CFF500AED4F4 /* home_highlight@3x.png in Resources */,
				DE3350DC21B0CFF500AED4F4 /* user@3x.png in Resources */,
				8BAB53F921AD80A600AC813A /* LaunchScreen.storyboard in Resources */,
				DE3350D521B0CFF500AED4F4 /* category@3x.png in Resources */,
				DE3350D921B0CFF500AED4F4 /* banner1.png in Resources */,
				8BAB53F621AD80A600AC813A /* Assets.xcassets in Resources */,
				DE3350DA21B0CFF500AED4F4 /* home@3x.png in Resources */,
				DE3350D721B0CFF500AED4F4 /* banner2.png in Resources */,
				DE3350DB21B0CFF500AED4F4 /* banner4.png in Resources */,
				DE3350D621B0CFF500AED4F4 /* cart@3x.png in Resources */,
				DE3350D821B0CFF500AED4F4 /* banner3.png in Resources */,
			);
			runOnlyForDeploymentPostprocessing = 0;
		};
/* End PBXResourcesBuildPhase section */

/* Begin PBXShellScriptBuildPhase section */
		1AB3C7E86D8D72A057721FC2 /* [CP] Copy Pods Resources */ = {
			isa = PBXShellScriptBuildPhase;
			buildActionMask = 2147483647;
			files = (
			);
			inputPaths = (
			);
			name = "[CP] Copy Pods Resources";
			outputPaths = (
			);
			runOnlyForDeploymentPostprocessing = 0;
			shellPath = /bin/sh;
			shellScript = "\"${SRCROOT}/Pods/Target Support Files/Pods-Bdbbuy/Pods-Bdbbuy-resources.sh\"\n";
			showEnvVarsInLog = 0;
		};
		B1964EE22667891CAB3EA481 /* [CP] Check Pods Manifest.lock */ = {
			isa = PBXShellScriptBuildPhase;
			buildActionMask = 2147483647;
			files = (
			);
			inputPaths = (
			);
			name = "[CP] Check Pods Manifest.lock";
			outputPaths = (
			);
			runOnlyForDeploymentPostprocessing = 0;
			shellPath = /bin/sh;
			shellScript = "diff \"${PODS_ROOT}/../Podfile.lock\" \"${PODS_ROOT}/Manifest.lock\" > /dev/null\nif [ $? != 0 ] ; then\n    # print error to STDERR\n    echo \"error: The sandbox is not in sync with the Podfile.lock. Run 'pod install' or update your CocoaPods installation.\" >&2\n    exit 1\nfi\n";
			showEnvVarsInLog = 0;
		};
		B89321567838C8E57EBC208D /* [CP] Embed Pods Frameworks */ = {
			isa = PBXShellScriptBuildPhase;
			buildActionMask = 2147483647;
			files = (
			);
			inputPaths = (
			);
			name = "[CP] Embed Pods Frameworks";
			outputPaths = (
			);
			runOnlyForDeploymentPostprocessing = 0;
			shellPath = /bin/sh;
			shellScript = "\"${SRCROOT}/Pods/Target Support Files/Pods-Bdbbuy/Pods-Bdbbuy-frameworks.sh\"\n";
			showEnvVarsInLog = 0;
		};
/* End PBXShellScriptBuildPhase section */

/* Begin PBXSourcesBuildPhase section */
		8BAB53E521AD80A600AC813A /* Sources */ = {
			isa = PBXSourcesBuildPhase;
			buildActionMask = 2147483647;
			files = (
				DE3350C521B0CA8400AED4F4 /* BdbWebViewController.m in Sources */,
				DE3350C221B0CA1900AED4F4 /* BdbTabBarViewController.m in Sources */,
				FC54EF4B21B107E400BB78AE /* BdbNetwork.m in Sources */,
				FC54EF7721B287A400BB78AE /* HomeGoodsCell.m in Sources */,
				FC54EF5121B1718500BB78AE /* HomeDataProvider.m in Sources */,
				FC84FD6221B39D3F00D46A4E /* HomeSearchView.m in Sources */,
				FC54EF7421B2873300BB78AE /* BdbTableViewCell.m in Sources */,
				FC54EF6321B271FB00BB78AE /* UIDevice+BdbHelper.m in Sources */,
				FC84FD6821B3ADB800D46A4E /* UIView+Layout.m in Sources */,
				FC54EF5D21B26AF000BB78AE /* BdbTableView.m in Sources */,
				8B2019BB21AE130C002F95FD /* BaseViewController.m in Sources */,
				FC54EF6921B2808F00BB78AE /* BdbCardListTableViewController.m in Sources */,
				8BAB53FC21AD80A600AC813A /* main.m in Sources */,
				8BAB53EE21AD80A600AC813A /* AppDelegate.m in Sources */,
				FC54EF6D21B284BF00BB78AE /* BdbCard.m in Sources */,
				FC54EF5621B26A2B00BB78AE /* BdbTableViewController.m in Sources */,
				FC54EF7021B2866900BB78AE /* HomePageTableViewController.m in Sources */,
			);
			runOnlyForDeploymentPostprocessing = 0;
		};
/* End PBXSourcesBuildPhase section */

/* Begin PBXVariantGroup section */
		8BAB53F721AD80A600AC813A /* LaunchScreen.storyboard */ = {
			isa = PBXVariantGroup;
			children = (
				8BAB53F821AD80A600AC813A /* Base */,
			);
			name = LaunchScreen.storyboard;
			sourceTree = "<group>";
		};
/* End PBXVariantGroup section */

/* Begin XCBuildConfiguration section */
		8BAB53FD21AD80A600AC813A /* Debug */ = {
			isa = XCBuildConfiguration;
			buildSettings = {
				ALWAYS_SEARCH_USER_PATHS = NO;
				CLANG_ANALYZER_NONNULL = YES;
				CLANG_ANALYZER_NUMBER_OBJECT_CONVERSION = YES_AGGRESSIVE;
				CLANG_CXX_LANGUAGE_STANDARD = "gnu++14";
				CLANG_CXX_LIBRARY = "libc++";
				CLANG_ENABLE_MODULES = YES;
				CLANG_ENABLE_OBJC_ARC = YES;
				CLANG_WARN_BLOCK_CAPTURE_AUTORELEASING = YES;
				CLANG_WARN_BOOL_CONVERSION = YES;
				CLANG_WARN_COMMA = YES;
				CLANG_WARN_CONSTANT_CONVERSION = YES;
				CLANG_WARN_DIRECT_OBJC_ISA_USAGE = YES_ERROR;
				CLANG_WARN_DOCUMENTATION_COMMENTS = YES;
				CLANG_WARN_EMPTY_BODY = YES;
				CLANG_WARN_ENUM_CONVERSION = YES;
				CLANG_WARN_INFINITE_RECURSION = YES;
				CLANG_WARN_INT_CONVERSION = YES;
				CLANG_WARN_NON_LITERAL_NULL_CONVERSION = YES;
				CLANG_WARN_OBJC_LITERAL_CONVERSION = YES;
				CLANG_WARN_OBJC_ROOT_CLASS = YES_ERROR;
				CLANG_WARN_RANGE_LOOP_ANALYSIS = YES;
				CLANG_WARN_STRICT_PROTOTYPES = YES;
				CLANG_WARN_SUSPICIOUS_MOVE = YES;
				CLANG_WARN_UNGUARDED_AVAILABILITY = YES_AGGRESSIVE;
				CLANG_WARN_UNREACHABLE_CODE = YES;
				CLANG_WARN__DUPLICATE_METHOD_MATCH = YES;
				CODE_SIGN_IDENTITY = "iPhone Developer";
				COPY_PHASE_STRIP = NO;
				DEBUG_INFORMATION_FORMAT = dwarf;
				ENABLE_STRICT_OBJC_MSGSEND = YES;
				ENABLE_TESTABILITY = YES;
				GCC_C_LANGUAGE_STANDARD = gnu11;
				GCC_DYNAMIC_NO_PIC = NO;
				GCC_NO_COMMON_BLOCKS = YES;
				GCC_OPTIMIZATION_LEVEL = 0;
				GCC_PREPROCESSOR_DEFINITIONS = (
					"DEBUG=1",
					"$(inherited)",
				);
				GCC_WARN_64_TO_32_BIT_CONVERSION = YES;
				GCC_WARN_ABOUT_RETURN_TYPE = YES_ERROR;
				GCC_WARN_UNDECLARED_SELECTOR = YES;
				GCC_WARN_UNINITIALIZED_AUTOS = YES_AGGRESSIVE;
				GCC_WARN_UNUSED_FUNCTION = YES;
				GCC_WARN_UNUSED_VARIABLE = YES;
				IPHONEOS_DEPLOYMENT_TARGET = 11.0;
				MTL_ENABLE_DEBUG_INFO = YES;
				ONLY_ACTIVE_ARCH = YES;
				SDKROOT = iphoneos;
			};
			name = Debug;
		};
		8BAB53FE21AD80A600AC813A /* Release */ = {
			isa = XCBuildConfiguration;
			buildSettings = {
				ALWAYS_SEARCH_USER_PATHS = NO;
				CLANG_ANALYZER_NONNULL = YES;
				CLANG_ANALYZER_NUMBER_OBJECT_CONVERSION = YES_AGGRESSIVE;
				CLANG_CXX_LANGUAGE_STANDARD = "gnu++14";
				CLANG_CXX_LIBRARY = "libc++";
				CLANG_ENABLE_MODULES = YES;
				CLANG_ENABLE_OBJC_ARC = YES;
				CLANG_WARN_BLOCK_CAPTURE_AUTORELEASING = YES;
				CLANG_WARN_BOOL_CONVERSION = YES;
				CLANG_WARN_COMMA = YES;
				CLANG_WARN_CONSTANT_CONVERSION = YES;
				CLANG_WARN_DIRECT_OBJC_ISA_USAGE = YES_ERROR;
				CLANG_WARN_DOCUMENTATION_COMMENTS = YES;
				CLANG_WARN_EMPTY_BODY = YES;
				CLANG_WARN_ENUM_CONVERSION = YES;
				CLANG_WARN_INFINITE_RECURSION = YES;
				CLANG_WARN_INT_CONVERSION = YES;
				CLANG_WARN_NON_LITERAL_NULL_CONVERSION = YES;
				CLANG_WARN_OBJC_LITERAL_CONVERSION = YES;
				CLANG_WARN_OBJC_ROOT_CLASS = YES_ERROR;
				CLANG_WARN_RANGE_LOOP_ANALYSIS = YES;
				CLANG_WARN_STRICT_PROTOTYPES = YES;
				CLANG_WARN_SUSPICIOUS_MOVE = YES;
				CLANG_WARN_UNGUARDED_AVAILABILITY = YES_AGGRESSIVE;
				CLANG_WARN_UNREACHABLE_CODE = YES;
				CLANG_WARN__DUPLICATE_METHOD_MATCH = YES;
				CODE_SIGN_IDENTITY = "iPhone Developer";
				COPY_PHASE_STRIP = NO;
				DEBUG_INFORMATION_FORMAT = "dwarf-with-dsym";
				ENABLE_NS_ASSERTIONS = NO;
				ENABLE_STRICT_OBJC_MSGSEND = YES;
				GCC_C_LANGUAGE_STANDARD = gnu11;
				GCC_NO_COMMON_BLOCKS = YES;
				GCC_WARN_64_TO_32_BIT_CONVERSION = YES;
				GCC_WARN_ABOUT_RETURN_TYPE = YES_ERROR;
				GCC_WARN_UNDECLARED_SELECTOR = YES;
				GCC_WARN_UNINITIALIZED_AUTOS = YES_AGGRESSIVE;
				GCC_WARN_UNUSED_FUNCTION = YES;
				GCC_WARN_UNUSED_VARIABLE = YES;
				IPHONEOS_DEPLOYMENT_TARGET = 11.0;
				MTL_ENABLE_DEBUG_INFO = NO;
				SDKROOT = iphoneos;
				VALIDATE_PRODUCT = YES;
			};
			name = Release;
		};
		8BAB540021AD80A600AC813A /* Debug */ = {
			isa = XCBuildConfiguration;
			baseConfigurationReference = C31BAE3BEED2332AE27AF488 /* Pods-Bdbbuy.debug.xcconfig */;
			buildSettings = {
				ASSETCATALOG_COMPILER_APPICON_NAME = AppIcon;
				CODE_SIGN_STYLE = Automatic;
				GCC_PREFIX_HEADER = Bdbbuy/Global.h;
				INFOPLIST_FILE = Bdbbuy/Info.plist;
				IPHONEOS_DEPLOYMENT_TARGET = 9.0;
				LD_RUNPATH_SEARCH_PATHS = "$(inherited) @executable_path/Frameworks";
				PRODUCT_BUNDLE_IDENTIFIER = com.bdbbuy.bdbbuy.Bdbbuy;
				PRODUCT_NAME = "$(TARGET_NAME)";
				TARGETED_DEVICE_FAMILY = 1;
			};
			name = Debug;
		};
		8BAB540121AD80A600AC813A /* Release */ = {
			isa = XCBuildConfiguration;
			baseConfigurationReference = 32081EAB9A5A5C291602C2E4 /* Pods-Bdbbuy.release.xcconfig */;
			buildSettings = {
				ASSETCATALOG_COMPILER_APPICON_NAME = AppIcon;
				CODE_SIGN_STYLE = Automatic;
				GCC_PREFIX_HEADER = Bdbbuy/Global.h;
				INFOPLIST_FILE = Bdbbuy/Info.plist;
				IPHONEOS_DEPLOYMENT_TARGET = 9.0;
				LD_RUNPATH_SEARCH_PATHS = "$(inherited) @executable_path/Frameworks";
				PRODUCT_BUNDLE_IDENTIFIER = com.bdbbuy.bdbbuy.Bdbbuy;
				PRODUCT_NAME = "$(TARGET_NAME)";
				TARGETED_DEVICE_FAMILY = 1;
			};
			name = Release;
		};
/* End XCBuildConfiguration section */

/* Begin XCConfigurationList section */
		8BAB53E421AD80A600AC813A /* Build configuration list for PBXProject "Bdbbuy" */ = {
			isa = XCConfigurationList;
			buildConfigurations = (
				8BAB53FD21AD80A600AC813A /* Debug */,
				8BAB53FE21AD80A600AC813A /* Release */,
			);
			defaultConfigurationIsVisible = 0;
			defaultConfigurationName = Release;
		};
		8BAB53FF21AD80A600AC813A /* Build configuration list for PBXNativeTarget "Bdbbuy" */ = {
			isa = XCConfigurationList;
			buildConfigurations = (
				8BAB540021AD80A600AC813A /* Debug */,
				8BAB540121AD80A600AC813A /* Release */,
			);
			defaultConfigurationIsVisible = 0;
			defaultConfigurationName = Release;
		};
/* End XCConfigurationList section */
	};
	rootObject = 8BAB53E121AD80A600AC813A /* Project object */;
}
